// !$*UTF8*$!
{
	archiveVersion = 1;
	classes = {
	};
	objectVersion = 50;
	objects = {

/* Begin PBXBuildFile section */
		4FE7BC0C27D71D1E0021C8CE /* AppDelegate.swift in Sources */ = {isa = PBXBuildFile; fileRef = 4FE7BC0B27D71D1E0021C8CE /* AppDelegate.swift */; };
		4FE7BC0E27D71D1E0021C8CE /* SceneDelegate.swift in Sources */ = {isa = PBXBuildFile; fileRef = 4FE7BC0D27D71D1E0021C8CE /* SceneDelegate.swift */; };
		4FE7BC1027D71D1E0021C8CE /* ViewController.swift in Sources */ = {isa = PBXBuildFile; fileRef = 4FE7BC0F27D71D1E0021C8CE /* ViewController.swift */; };
		4FE7BC1327D71D1E0021C8CE /* Main.storyboard in Resources */ = {isa = PBXBuildFile; fileRef = 4FE7BC1127D71D1E0021C8CE /* Main.storyboard */; };
		4FE7BC1627D71D1E0021C8CE /* ResumeBuilderApp.xcdatamodeld in Sources */ = {isa = PBXBuildFile; fileRef = 4FE7BC1427D71D1E0021C8CE /* ResumeBuilderApp.xcdatamodeld */; };
		4FE7BC1827D71D260021C8CE /* Assets.xcassets in Resources */ = {isa = PBXBuildFile; fileRef = 4FE7BC1727D71D260021C8CE /* Assets.xcassets */; };
		4FE7BC1B27D71D260021C8CE /* LaunchScreen.storyboard in Resources */ = {isa = PBXBuildFile; fileRef = 4FE7BC1927D71D260021C8CE /* LaunchScreen.storyboard */; };
		4FE7BC2627D71D260021C8CE /* ResumeBuilderAppTests.swift in Sources */ = {isa = PBXBuildFile; fileRef = 4FE7BC2527D71D260021C8CE /* ResumeBuilderAppTests.swift */; };
		4FE7BC3127D71D260021C8CE /* ResumeBuilderAppUITests.swift in Sources */ = {isa = PBXBuildFile; fileRef = 4FE7BC3027D71D260021C8CE /* ResumeBuilderAppUITests.swift */; };
/* End PBXBuildFile section */

/* Begin PBXContainerItemProxy section */
		4FE7BC2227D71D260021C8CE /* PBXContainerItemProxy */ = {
			isa = PBXContainerItemProxy;
			containerPortal = 4FE7BC0027D71D1E0021C8CE /* Project object */;
			proxyType = 1;
			remoteGlobalIDString = 4FE7BC0727D71D1E0021C8CE;
			remoteInfo = ResumeBuilderApp;
		};
		4FE7BC2D27D71D260021C8CE /* PBXContainerItemProxy */ = {
			isa = PBXContainerItemProxy;
			containerPortal = 4FE7BC0027D71D1E0021C8CE /* Project object */;
			proxyType = 1;
			remoteGlobalIDString = 4FE7BC0727D71D1E0021C8CE;
			remoteInfo = ResumeBuilderApp;
		};
/* End PBXContainerItemProxy section */

/* Begin PBXFileReference section */
		4FE7BC0827D71D1E0021C8CE /* ResumeBuilderApp.app */ = {isa = PBXFileReference; explicitFileType = wrapper.application; includeInIndex = 0; path = ResumeBuilderApp.app; sourceTree = BUILT_PRODUCTS_DIR; };
		4FE7BC0B27D71D1E0021C8CE /* AppDelegate.swift */ = {isa = PBXFileReference; lastKnownFileType = sourcecode.swift; path = AppDelegate.swift; sourceTree = "<group>"; };
		4FE7BC0D27D71D1E0021C8CE /* SceneDelegate.swift */ = {isa = PBXFileReference; lastKnownFileType = sourcecode.swift; path = SceneDelegate.swift; sourceTree = "<group>"; };
		4FE7BC0F27D71D1E0021C8CE /* ViewController.swift */ = {isa = PBXFileReference; lastKnownFileType = sourcecode.swift; path = ViewController.swift; sourceTree = "<group>"; };
		4FE7BC1227D71D1E0021C8CE /* Base */ = {isa = PBXFileReference; lastKnownFileType = file.storyboard; name = Base; path = Base.lproj/Main.storyboard; sourceTree = "<group>"; };
		4FE7BC1527D71D1E0021C8CE /* ResumeBuilderApp.xcdatamodel */ = {isa = PBXFileReference; lastKnownFileType = wrapper.xcdatamodel; path = ResumeBuilderApp.xcdatamodel; sourceTree = "<group>"; };
		4FE7BC1727D71D260021C8CE /* Assets.xcassets */ = {isa = PBXFileReference; lastKnownFileType = folder.assetcatalog; path = Assets.xcassets; sourceTree = "<group>"; };
		4FE7BC1A27D71D260021C8CE /* Base */ = {isa = PBXFileReference; lastKnownFileType = file.storyboard; name = Base; path = Base.lproj/LaunchScreen.storyboard; sourceTree = "<group>"; };
		4FE7BC1C27D71D260021C8CE /* Info.plist */ = {isa = PBXFileReference; lastKnownFileType = text.plist.xml; path = Info.plist; sourceTree = "<group>"; };
		4FE7BC2127D71D260021C8CE /* ResumeBuilderAppTests.xctest */ = {isa = PBXFileReference; explicitFileType = wrapper.cfbundle; includeInIndex = 0; path = ResumeBuilderAppTests.xctest; sourceTree = BUILT_PRODUCTS_DIR; };
		4FE7BC2527D71D260021C8CE /* ResumeBuilderAppTests.swift */ = {isa = PBXFileReference; lastKnownFileType = sourcecode.swift; path = ResumeBuilderAppTests.swift; sourceTree = "<group>"; };
		4FE7BC2727D71D260021C8CE /* Info.plist */ = {isa = PBXFileReference; lastKnownFileType = text.plist.xml; path = Info.plist; sourceTree = "<group>"; };
		4FE7BC2C27D71D260021C8CE /* ResumeBuilderAppUITests.xctest */ = {isa = PBXFileReference; explicitFileType = wrapper.cfbundle; includeInIndex = 0; path = ResumeBuilderAppUITests.xctest; sourceTree = BUILT_PRODUCTS_DIR; };
		4FE7BC3027D71D260021C8CE /* ResumeBuilderAppUITests.swift */ = {isa = PBXFileReference; lastKnownFileType = sourcecode.swift; path = ResumeBuilderAppUITests.swift; sourceTree = "<group>"; };
		4FE7BC3227D71D260021C8CE /* Info.plist */ = {isa = PBXFileReference; lastKnownFileType = text.plist.xml; path = Info.plist; sourceTree = "<group>"; };
/* End PBXFileReference section */

/* Begin PBXFrameworksBuildPhase section */
		4FE7BC0527D71D1E0021C8CE /* Frameworks */ = {
			isa = PBXFrameworksBuildPhase;
			buildActionMask = 2147483647;
			files = (
			);
			runOnlyForDeploymentPostprocessing = 0;
		};
		4FE7BC1E27D71D260021C8CE /* Frameworks */ = {
			isa = PBXFrameworksBuildPhase;
			buildActionMask = 2147483647;
			files = (
			);
			runOnlyForDeploymentPostprocessing = 0;
		};
		4FE7BC2927D71D260021C8CE /* Frameworks */ = {
			isa = PBXFrameworksBuildPhase;
			buildActionMask = 2147483647;
			files = (
			);
			runOnlyForDeploymentPostprocessing = 0;
		};
/* End PBXFrameworksBuildPhase section */

/* Begin PBXGroup section */
		4FE7BBFF27D71D1E0021C8CE = {
			isa = PBXGroup;
			children = (
				4FE7BC0A27D71D1E0021C8CE /* ResumeBuilderApp */,
				4FE7BC2427D71D260021C8CE /* ResumeBuilderAppTests */,
				4FE7BC2F27D71D260021C8CE /* ResumeBuilderAppUITests */,
				4FE7BC0927D71D1E0021C8CE /* Products */,
			);
			sourceTree = "<group>";
		};
		4FE7BC0927D71D1E0021C8CE /* Products */ = {
			isa = PBXGroup;
			children = (
				4FE7BC0827D71D1E0021C8CE /* ResumeBuilderApp.app */,
				4FE7BC2127D71D260021C8CE /* ResumeBuilderAppTests.xctest */,
				4FE7BC2C27D71D260021C8CE /* ResumeBuilderAppUITests.xctest */,
			);
			name = Products;
			sourceTree = "<group>";
		};
		4FE7BC0A27D71D1E0021C8CE /* ResumeBuilderApp */ = {
			isa = PBXGroup;
			children = (
				4FE7BC0B27D71D1E0021C8CE /* AppDelegate.swift */,
				4FE7BC0D27D71D1E0021C8CE /* SceneDelegate.swift */,
				4FE7BC0F27D71D1E0021C8CE /* ViewController.swift */,
				4FE7BC1127D71D1E0021C8CE /* Main.storyboard */,
				4FE7BC1727D71D260021C8CE /* Assets.xcassets */,
				4FE7BC1927D71D260021C8CE /* LaunchScreen.storyboard */,
				4FE7BC1C27D71D260021C8CE /* Info.plist */,
				4FE7BC1427D71D1E0021C8CE /* ResumeBuilderApp.xcdatamodeld */,
			);
			path = ResumeBuilderApp;
			sourceTree = "<group>";
		};
		4FE7BC2427D71D260021C8CE /* ResumeBuilderAppTests */ = {
			isa = PBXGroup;
			children = (
				4FE7BC2527D71D260021C8CE /* ResumeBuilderAppTests.swift */,
				4FE7BC2727D71D260021C8CE /* Info.plist */,
			);
			path = ResumeBuilderAppTests;
			sourceTree = "<group>";
		};
		4FE7BC2F27D71D260021C8CE /* ResumeBuilderAppUITests */ = {
			isa = PBXGroup;
			children = (
				4FE7BC3027D71D260021C8CE /* ResumeBuilderAppUITests.swift */,
				4FE7BC3227D71D260021C8CE /* Info.plist */,
			);
			path = ResumeBuilderAppUITests;
			sourceTree = "<group>";
		};
/* End PBXGroup section */

/* Begin PBXNativeTarget section */
		4FE7BC0727D71D1E0021C8CE /* ResumeBuilderApp */ = {
			isa = PBXNativeTarget;
			buildConfigurationList = 4FE7BC3527D71D260021C8CE /* Build configuration list for PBXNativeTarget "ResumeBuilderApp" */;
			buildPhases = (
				4FE7BC0427D71D1E0021C8CE /* Sources */,
				4FE7BC0527D71D1E0021C8CE /* Frameworks */,
				4FE7BC0627D71D1E0021C8CE /* Resources */,
			);
			buildRules = (
			);
			dependencies = (
			);
			name = ResumeBuilderApp;
			productName = ResumeBuilderApp;
			productReference = 4FE7BC0827D71D1E0021C8CE /* ResumeBuilderApp.app */;
			productType = "com.apple.product-type.application";
		};
		4FE7BC2027D71D260021C8CE /* ResumeBuilderAppTests */ = {
			isa = PBXNativeTarget;
			buildConfigurationList = 4FE7BC3827D71D260021C8CE /* Build configuration list for PBXNativeTarget "ResumeBuilderAppTests" */;
			buildPhases = (
				4FE7BC1D27D71D260021C8CE /* Sources */,
				4FE7BC1E27D71D260021C8CE /* Frameworks */,
				4FE7BC1F27D71D260021C8CE /* Resources */,
			);
			buildRules = (
			);
			dependencies = (
				4FE7BC2327D71D260021C8CE /* PBXTargetDependency */,
			);
			name = ResumeBuilderAppTests;
			productName = ResumeBuilderAppTests;
			productReference = 4FE7BC2127D71D260021C8CE /* ResumeBuilderAppTests.xctest */;
			productType = "com.apple.product-type.bundle.unit-test";
		};
		4FE7BC2B27D71D260021C8CE /* ResumeBuilderAppUITests */ = {
			isa = PBXNativeTarget;
			buildConfigurationList = 4FE7BC3B27D71D260021C8CE /* Build configuration list for PBXNativeTarget "ResumeBuilderAppUITests" */;
			buildPhases = (
				4FE7BC2827D71D260021C8CE /* Sources */,
				4FE7BC2927D71D260021C8CE /* Frameworks */,
				4FE7BC2A27D71D260021C8CE /* Resources */,
			);
			buildRules = (
			);
			dependencies = (
				4FE7BC2E27D71D260021C8CE /* PBXTargetDependency */,
			);
			name = ResumeBuilderAppUITests;
			productName = ResumeBuilderAppUITests;
			productReference = 4FE7BC2C27D71D260021C8CE /* ResumeBuilderAppUITests.xctest */;
			productType = "com.apple.product-type.bundle.ui-testing";
		};
/* End PBXNativeTarget section */

/* Begin PBXProject section */
		4FE7BC0027D71D1E0021C8CE /* Project object */ = {
			isa = PBXProject;
			attributes = {
				LastSwiftUpdateCheck = 1210;
				LastUpgradeCheck = 1210;
				TargetAttributes = {
					4FE7BC0727D71D1E0021C8CE = {
						CreatedOnToolsVersion = 12.1;
					};
					4FE7BC2027D71D260021C8CE = {
						CreatedOnToolsVersion = 12.1;
						TestTargetID = 4FE7BC0727D71D1E0021C8CE;
					};
					4FE7BC2B27D71D260021C8CE = {
						CreatedOnToolsVersion = 12.1;
						TestTargetID = 4FE7BC0727D71D1E0021C8CE;
					};
				};
			};
			buildConfigurationList = 4FE7BC0327D71D1E0021C8CE /* Build configuration list for PBXProject "ResumeBuilderApp" */;
			compatibilityVersion = "Xcode 9.3";
			developmentRegion = en;
			hasScannedForEncodings = 0;
			knownRegions = (
				en,
				Base,
			);
			mainGroup = 4FE7BBFF27D71D1E0021C8CE;
			productRefGroup = 4FE7BC0927D71D1E0021C8CE /* Products */;
			projectDirPath = "";
			projectRoot = "";
			targets = (
				4FE7BC0727D71D1E0021C8CE /* ResumeBuilderApp */,
				4FE7BC2027D71D260021C8CE /* ResumeBuilderAppTests */,
				4FE7BC2B27D71D260021C8CE /* ResumeBuilderAppUITests */,
			);
		};
/* End PBXProject section */

/* Begin PBXResourcesBuildPhase section */
		4FE7BC0627D71D1E0021C8CE /* Resources */ = {
			isa = PBXResourcesBuildPhase;
			buildActionMask = 2147483647;
			files = (
				4FE7BC1B27D71D260021C8CE /* LaunchScreen.storyboard in Resources */,
				4FE7BC1827D71D260021C8CE /* Assets.xcassets in Resources */,
				4FE7BC1327D71D1E0021C8CE /* Main.storyboard in Resources */,
			);
			runOnlyForDeploymentPostprocessing = 0;
		};
		4FE7BC1F27D71D260021C8CE /* Resources */ = {
			isa = PBXResourcesBuildPhase;
			buildActionMask = 2147483647;
			files = (
			);
			runOnlyForDeploymentPostprocessing = 0;
		};
		4FE7BC2A27D71D260021C8CE /* Resources */ = {
			isa = PBXResourcesBuildPhase;
			buildActionMask = 2147483647;
			files = (
			);
			runOnlyForDeploymentPostprocessing = 0;
		};
/* End PBXResourcesBuildPhase section */

/* Begin PBXSourcesBuildPhase section */
		4FE7BC0427D71D1E0021C8CE /* Sources */ = {
			isa = PBXSourcesBuildPhase;
			buildActionMask = 2147483647;
			files = (
				4FE7BC1027D71D1E0021C8CE /* ViewController.swift in Sources */,
				4FE7BC0C27D71D1E0021C8CE /* AppDelegate.swift in Sources */,
				4FE7BC1627D71D1E0021C8CE /* ResumeBuilderApp.xcdatamodeld in Sources */,
				4FE7BC0E27D71D1E0021C8CE /* SceneDelegate.swift in Sources */,
			);
			runOnlyForDeploymentPostprocessing = 0;
		};
		4FE7BC1D27D71D260021C8CE /* Sources */ = {
			isa = PBXSourcesBuildPhase;
			buildActionMask = 2147483647;
			files = (
				4FE7BC2627D71D260021C8CE /* ResumeBuilderAppTests.swift in Sources */,
			);
			runOnlyForDeploymentPostprocessing = 0;
		};
		4FE7BC2827D71D260021C8CE /* Sources */ = {
			isa = PBXSourcesBuildPhase;
			buildActionMask = 2147483647;
			files = (
				4FE7BC3127D71D260021C8CE /* ResumeBuilderAppUITests.swift in Sources */,
			);
			runOnlyForDeploymentPostprocessing = 0;
		};
/* End PBXSourcesBuildPhase section */

/* Begin PBXTargetDependency section */
		4FE7BC2327D71D260021C8CE /* PBXTargetDependency */ = {
			isa = PBXTargetDependency;
			target = 4FE7BC0727D71D1E0021C8CE /* ResumeBuilderApp */;
			targetProxy = 4FE7BC2227D71D260021C8CE /* PBXContainerItemProxy */;
		};
		4FE7BC2E27D71D260021C8CE /* PBXTargetDependency */ = {
			isa = PBXTargetDependency;
			target = 4FE7BC0727D71D1E0021C8CE /* ResumeBuilderApp */;
			targetProxy = 4FE7BC2D27D71D260021C8CE /* PBXContainerItemProxy */;
		};
/* End PBXTargetDependency section */

/* Begin PBXVariantGroup section */
		4FE7BC1127D71D1E0021C8CE /* Main.storyboard */ = {
			isa = PBXVariantGroup;
			children = (
				4FE7BC1227D71D1E0021C8CE /* Base */,
			);
			name = Main.storyboard;
			sourceTree = "<group>";
		};
		4FE7BC1927D71D260021C8CE /* LaunchScreen.storyboard */ = {
			isa = PBXVariantGroup;
			children = (
				4FE7BC1A27D71D260021C8CE /* Base */,
			);
			name = LaunchScreen.storyboard;
			sourceTree = "<group>";
		};
/* End PBXVariantGroup section */

/* Begin XCBuildConfiguration section */
		4FE7BC3327D71D260021C8CE /* Debug */ = {
			isa = XCBuildConfiguration;
			buildSettings = {
				ALWAYS_SEARCH_USER_PATHS = NO;
				CLANG_ANALYZER_NONNULL = YES;
				CLANG_ANALYZER_NUMBER_OBJECT_CONVERSION = YES_AGGRESSIVE;
				CLANG_CXX_LANGUAGE_STANDARD = "gnu++14";
				CLANG_CXX_LIBRARY = "libc++";
				CLANG_ENABLE_MODULES = YES;
				CLANG_ENABLE_OBJC_ARC = YES;
				CLANG_ENABLE_OBJC_WEAK = YES;
				CLANG_WARN_BLOCK_CAPTURE_AUTORELEASING = YES;
				CLANG_WARN_BOOL_CONVERSION = YES;
				CLANG_WARN_COMMA = YES;
				CLANG_WARN_CONSTANT_CONVERSION = YES;
				CLANG_WARN_DEPRECATED_OBJC_IMPLEMENTATIONS = YES;
				CLANG_WARN_DIRECT_OBJC_ISA_USAGE = YES_ERROR;
				CLANG_WARN_DOCUMENTATION_COMMENTS = YES;
				CLANG_WARN_EMPTY_BODY = YES;
				CLANG_WARN_ENUM_CONVERSION = YES;
				CLANG_WARN_INFINITE_RECURSION = YES;
				CLANG_WARN_INT_CONVERSION = YES;
				CLANG_WARN_NON_LITERAL_NULL_CONVERSION = YES;
				CLANG_WARN_OBJC_IMPLICIT_RETAIN_SELF = YES;
				CLANG_WARN_OBJC_LITERAL_CONVERSION = YES;
				CLANG_WARN_OBJC_ROOT_CLASS = YES_ERROR;
				CLANG_WARN_QUOTED_INCLUDE_IN_FRAMEWORK_HEADER = YES;
				CLANG_WARN_RANGE_LOOP_ANALYSIS = YES;
				CLANG_WARN_STRICT_PROTOTYPES = YES;
				CLANG_WARN_SUSPICIOUS_MOVE = YES;
				CLANG_WARN_UNGUARDED_AVAILABILITY = YES_AGGRESSIVE;
				CLANG_WARN_UNREACHABLE_CODE = YES;
				CLANG_WARN__DUPLICATE_METHOD_MATCH = YES;
				COPY_PHASE_STRIP = NO;
				DEBUG_INFORMATION_FORMAT = dwarf;
				ENABLE_STRICT_OBJC_MSGSEND = YES;
				ENABLE_TESTABILITY = YES;
				GCC_C_LANGUAGE_STANDARD = gnu11;
				GCC_DYNAMIC_NO_PIC = NO;
				GCC_NO_COMMON_BLOCKS = YES;
				GCC_OPTIMIZATION_LEVEL = 0;
				GCC_PREPROCESSOR_DEFINITIONS = (
					"DEBUG=1",
					"$(inherited)",
				);
				GCC_WARN_64_TO_32_BIT_CONVERSION = YES;
				GCC_WARN_ABOUT_RETURN_TYPE = YES_ERROR;
				GCC_WARN_UNDECLARED_SELECTOR = YES;
				GCC_WARN_UNINITIALIZED_AUTOS = YES_AGGRESSIVE;
				GCC_WARN_UNUSED_FUNCTION = YES;
				GCC_WARN_UNUSED_VARIABLE = YES;
				IPHONEOS_DEPLOYMENT_TARGET = 14.1;
				MTL_ENABLE_DEBUG_INFO = INCLUDE_SOURCE;
				MTL_FAST_MATH = YES;
				ONLY_ACTIVE_ARCH = YES;
				SDKROOT = iphoneos;
				SWIFT_ACTIVE_COMPILATION_CONDITIONS = DEBUG;
				SWIFT_OPTIMIZATION_LEVEL = "-Onone";
			};
			name = Debug;
		};
		4FE7BC3427D71D260021C8CE /* Release */ = {
			isa = XCBuildConfiguration;
			buildSettings = {
				ALWAYS_SEARCH_USER_PATHS = NO;
				CLANG_ANALYZER_NONNULL = YES;
				CLANG_ANALYZER_NUMBER_OBJECT_CONVERSION = YES_AGGRESSIVE;
				CLANG_CXX_LANGUAGE_STANDARD = "gnu++14";
				CLANG_CXX_LIBRARY = "libc++";
				CLANG_ENABLE_MODULES = YES;
				CLANG_ENABLE_OBJC_ARC = YES;
				CLANG_ENABLE_OBJC_WEAK = YES;
				CLANG_WARN_BLOCK_CAPTURE_AUTORELEASING = YES;
				CLANG_WARN_BOOL_CONVERSION = YES;
				CLANG_WARN_COMMA = YES;
				CLANG_WARN_CONSTANT_CONVERSION = YES;
				CLANG_WARN_DEPRECATED_OBJC_IMPLEMENTATIONS = YES;
				CLANG_WARN_DIRECT_OBJC_ISA_USAGE = YES_ERROR;
				CLANG_WARN_DOCUMENTATION_COMMENTS = YES;
				CLANG_WARN_EMPTY_BODY = YES;
				CLANG_WARN_ENUM_CONVERSION = YES;
				CLANG_WARN_INFINITE_RECURSION = YES;
				CLANG_WARN_INT_CONVERSION = YES;
				CLANG_WARN_NON_LITERAL_NULL_CONVERSION = YES;
				CLANG_WARN_OBJC_IMPLICIT_RETAIN_SELF = YES;
				CLANG_WARN_OBJC_LITERAL_CONVERSION = YES;
				CLANG_WARN_OBJC_ROOT_CLASS = YES_ERROR;
				CLANG_WARN_QUOTED_INCLUDE_IN_FRAMEWORK_HEADER = YES;
				CLANG_WARN_RANGE_LOOP_ANALYSIS = YES;
				CLANG_WARN_STRICT_PROTOTYPES = YES;
				CLANG_WARN_SUSPICIOUS_MOVE = YES;
				CLANG_WARN_UNGUARDED_AVAILABILITY = YES_AGGRESSIVE;
				CLANG_WARN_UNREACHABLE_CODE = YES;
				CLANG_WARN__DUPLICATE_METHOD_MATCH = YES;
				COPY_PHASE_STRIP = NO;
				DEBUG_INFORMATION_FORMAT = "dwarf-with-dsym";
				ENABLE_NS_ASSERTIONS = NO;
				ENABLE_STRICT_OBJC_MSGSEND = YES;
				GCC_C_LANGUAGE_STANDARD = gnu11;
				GCC_NO_COMMON_BLOCKS = YES;
				GCC_WARN_64_TO_32_BIT_CONVERSION = YES;
				GCC_WARN_ABOUT_RETURN_TYPE = YES_ERROR;
				GCC_WARN_UNDECLARED_SELECTOR = YES;
				GCC_WARN_UNINITIALIZED_AUTOS = YES_AGGRESSIVE;
				GCC_WARN_UNUSED_FUNCTION = YES;
				GCC_WARN_UNUSED_VARIABLE = YES;
				IPHONEOS_DEPLOYMENT_TARGET = 14.1;
				MTL_ENABLE_DEBUG_INFO = NO;
				MTL_FAST_MATH = YES;
				SDKROOT = iphoneos;
				SWIFT_COMPILATION_MODE = wholemodule;
				SWIFT_OPTIMIZATION_LEVEL = "-O";
				VALIDATE_PRODUCT = YES;
			};
			name = Release;
		};
		4FE7BC3627D71D260021C8CE /* Debug */ = {
			isa = XCBuildConfiguration;
			buildSettings = {
				ASSETCATALOG_COMPILER_APPICON_NAME = AppIcon;
				ASSETCATALOG_COMPILER_GLOBAL_ACCENT_COLOR_NAME = AccentColor;
				CODE_SIGN_STYLE = Automatic;
				INFOPLIST_FILE = ResumeBuilderApp/Info.plist;
				LD_RUNPATH_SEARCH_PATHS = (
					"$(inherited)",
					"@executable_path/Frameworks",
				);
				PRODUCT_BUNDLE_IDENTIFIER = com.brajesh.kumar.ResumeBuilderApp;
				PRODUCT_NAME = "$(TARGET_NAME)";
				SWIFT_VERSION = 5.0;
				TARGETED_DEVICE_FAMILY = "1,2";
			};
			name = Debug;
		};
		4FE7BC3727D71D260021C8CE /* Release */ = {
			isa = XCBuildConfiguration;
			buildSettings = {
				ASSETCATALOG_COMPILER_APPICON_NAME = AppIcon;
				ASSETCATALOG_COMPILER_GLOBAL_ACCENT_COLOR_NAME = AccentColor;
				CODE_SIGN_STYLE = Automatic;
				INFOPLIST_FILE = ResumeBuilderApp/Info.plist;
				LD_RUNPATH_SEARCH_PATHS = (
					"$(inherited)",
					"@executable_path/Frameworks",
				);
				PRODUCT_BUNDLE_IDENTIFIER = com.brajesh.kumar.ResumeBuilderApp;
				PRODUCT_NAME = "$(TARGET_NAME)";
				SWIFT_VERSION = 5.0;
				TARGETED_DEVICE_FAMILY = "1,2";
			};
			name = Release;
		};
		4FE7BC3927D71D260021C8CE /* Debug */ = {
			isa = XCBuildConfiguration;
			buildSettings = {
				ALWAYS_EMBED_SWIFT_STANDARD_LIBRARIES = YES;
				BUNDLE_LOADER = "$(TEST_HOST)";
				CODE_SIGN_STYLE = Automatic;
				INFOPLIST_FILE = ResumeBuilderAppTests/Info.plist;
				IPHONEOS_DEPLOYMENT_TARGET = 14.1;
				LD_RUNPATH_SEARCH_PATHS = (
					"$(inherited)",
					"@executable_path/Frameworks",
					"@loader_path/Frameworks",
				);
				PRODUCT_BUNDLE_IDENTIFIER = com.brajesh.kumar.ResumeBuilderAppTests;
				PRODUCT_NAME = "$(TARGET_NAME)";
				SWIFT_VERSION = 5.0;
				TARGETED_DEVICE_FAMILY = "1,2";
				TEST_HOST = "$(BUILT_PRODUCTS_DIR)/ResumeBuilderApp.app/ResumeBuilderApp";
			};
			name = Debug;
		};
		4FE7BC3A27D71D260021C8CE /* Release */ = {
			isa = XCBuildConfiguration;
			buildSettings = {
				ALWAYS_EMBED_SWIFT_STANDARD_LIBRARIES = YES;
				BUNDLE_LOADER = "$(TEST_HOST)";
				CODE_SIGN_STYLE = Automatic;
				INFOPLIST_FILE = ResumeBuilderAppTests/Info.plist;
				IPHONEOS_DEPLOYMENT_TARGET = 14.1;
				LD_RUNPATH_SEARCH_PATHS = (
					"$(inherited)",
					"@executable_path/Frameworks",
					"@loader_path/Frameworks",
				);
				PRODUCT_BUNDLE_IDENTIFIER = com.brajesh.kumar.ResumeBuilderAppTests;
				PRODUCT_NAME = "$(TARGET_NAME)";
				SWIFT_VERSION = 5.0;
				TARGETED_DEVICE_FAMILY = "1,2";
				TEST_HOST = "$(BUILT_PRODUCTS_DIR)/ResumeBuilderApp.app/ResumeBuilderApp";
			};
			name = Release;
		};
		4FE7BC3C27D71D260021C8CE /* Debug */ = {
			isa = XCBuildConfiguration;
			buildSettings = {
				ALWAYS_EMBED_SWIFT_STANDARD_LIBRARIES = YES;
				CODE_SIGN_STYLE = Automatic;
				INFOPLIST_FILE = ResumeBuilderAppUITests/Info.plist;
				LD_RUNPATH_SEARCH_PATHS = (
					"$(inherited)",
					"@executable_path/Frameworks",
					"@loader_path/Frameworks",
				);
				PRODUCT_BUNDLE_IDENTIFIER = com.brajesh.kumar.ResumeBuilderAppUITests;
				PRODUCT_NAME = "$(TARGET_NAME)";
				SWIFT_VERSION = 5.0;
				TARGETED_DEVICE_FAMILY = "1,2";
				TEST_TARGET_NAME = ResumeBuilderApp;
			};
			name = Debug;
		};
		4FE7BC3D27D71D260021C8CE /* Release */ = {
			isa = XCBuildConfiguration;
			buildSettings = {
				ALWAYS_EMBED_SWIFT_STANDARD_LIBRARIES = YES;
				CODE_SIGN_STYLE = Automatic;
				INFOPLIST_FILE = ResumeBuilderAppUITests/Info.plist;
				LD_RUNPATH_SEARCH_PATHS = (
					"$(inherited)",
					"@executable_path/Frameworks",
					"@loader_path/Frameworks",
				);
				PRODUCT_BUNDLE_IDENTIFIER = com.brajesh.kumar.ResumeBuilderAppUITests;
				PRODUCT_NAME = "$(TARGET_NAME)";
				SWIFT_VERSION = 5.0;
				TARGETED_DEVICE_FAMILY = "1,2";
				TEST_TARGET_NAME = ResumeBuilderApp;
			};
			name = Release;
		};
/* End XCBuildConfiguration section */

/* Begin XCConfigurationList section */
		4FE7BC0327D71D1E0021C8CE /* Build configuration list for PBXProject "ResumeBuilderApp" */ = {
			isa = XCConfigurationList;
			buildConfigurations = (
				4FE7BC3327D71D260021C8CE /* Debug */,
				4FE7BC3427D71D260021C8CE /* Release */,
			);
			defaultConfigurationIsVisible = 0;
			defaultConfigurationName = Release;
		};
		4FE7BC3527D71D260021C8CE /* Build configuration list for PBXNativeTarget "ResumeBuilderApp" */ = {
			isa = XCConfigurationList;
			buildConfigurations = (
				4FE7BC3627D71D260021C8CE /* Debug */,
				4FE7BC3727D71D260021C8CE /* Release */,
			);
			defaultConfigurationIsVisible = 0;
			defaultConfigurationName = Release;
		};
		4FE7BC3827D71D260021C8CE /* Build configuration list for PBXNativeTarget "ResumeBuilderAppTests" */ = {
			isa = XCConfigurationList;
			buildConfigurations = (
				4FE7BC3927D71D260021C8CE /* Debug */,
				4FE7BC3A27D71D260021C8CE /* Release */,
			);
			defaultConfigurationIsVisible = 0;
			defaultConfigurationName = Release;
		};
		4FE7BC3B27D71D260021C8CE /* Build configuration list for PBXNativeTarget "ResumeBuilderAppUITests" */ = {
			isa = XCConfigurationList;
			buildConfigurations = (
				4FE7BC3C27D71D260021C8CE /* Debug */,
				4FE7BC3D27D71D260021C8CE /* Release */,
			);
			defaultConfigurationIsVisible = 0;
			defaultConfigurationName = Release;
		};
/* End XCConfigurationList section */

/* Begin XCVersionGroup section */
		4FE7BC1427D71D1E0021C8CE /* ResumeBuilderApp.xcdatamodeld */ = {
			isa = XCVersionGroup;
			children = (
				4FE7BC1527D71D1E0021C8CE /* ResumeBuilderApp.xcdatamodel */,
			);
			currentVersion = 4FE7BC1527D71D1E0021C8CE /* ResumeBuilderApp.xcdatamodel */;
			path = ResumeBuilderApp.xcdatamodeld;
			sourceTree = "<group>";
			versionGroupType = wrapper.xcdatamodel;
		};
/* End XCVersionGroup section */
	};
	rootObject = 4FE7BC0027D71D1E0021C8CE /* Project object */;
}
