// !$*UTF8*$!
{
	archiveVersion = 1;
	classes = {
	};
	objectVersion = 50;
	objects = {

/* Begin PBXBuildFile section */
		4F4D65DB27DBC1C0006A0F46 /* Module.swift in Sources */ = {isa = PBXBuildFile; fileRef = 4F4D65DA27DBC1C0006A0F46 /* Module.swift */; };
		4F4D65E027DBC1E7006A0F46 /* DIContainer.swift in Sources */ = {isa = PBXBuildFile; fileRef = 4F4D65DF27DBC1E7006A0F46 /* DIContainer.swift */; };
		4F4D65E527DBC210006A0F46 /* MainFlowCoordinator.swift in Sources */ = {isa = PBXBuildFile; fileRef = 4F4D65E427DBC210006A0F46 /* MainFlowCoordinator.swift */; };
		4F4D65F827DC66D2006A0F46 /* WorkSummaryTableViewCell.swift in Sources */ = {isa = PBXBuildFile; fileRef = 4F4D65F627DC66D2006A0F46 /* WorkSummaryTableViewCell.swift */; };
		4F4D65F927DC66D2006A0F46 /* WorkSummaryTableViewCell.xib in Resources */ = {isa = PBXBuildFile; fileRef = 4F4D65F727DC66D2006A0F46 /* WorkSummaryTableViewCell.xib */; };
		4F4D660927DC69C3006A0F46 /* ExperienceTableViewCell.swift in Sources */ = {isa = PBXBuildFile; fileRef = 4F4D660727DC69C3006A0F46 /* ExperienceTableViewCell.swift */; };
		4F4D660A27DC69C3006A0F46 /* ExperienceTableViewCell.xib in Resources */ = {isa = PBXBuildFile; fileRef = 4F4D660827DC69C3006A0F46 /* ExperienceTableViewCell.xib */; };
		4F4D662127E2288B006A0F46 /* PreviewTableViewCell.swift in Sources */ = {isa = PBXBuildFile; fileRef = 4F4D662027E2288B006A0F46 /* PreviewTableViewCell.swift */; };
		4F4D662627E246CB006A0F46 /* ProfileViewModel.swift in Sources */ = {isa = PBXBuildFile; fileRef = 4F4D662527E246CB006A0F46 /* ProfileViewModel.swift */; };
		4F4D662B27E246F5006A0F46 /* PreviewViewModel.swift in Sources */ = {isa = PBXBuildFile; fileRef = 4F4D662A27E246F5006A0F46 /* PreviewViewModel.swift */; };
		4F4D663027E2470B006A0F46 /* ChooseProfileViewModel.swift in Sources */ = {isa = PBXBuildFile; fileRef = 4F4D662F27E2470B006A0F46 /* ChooseProfileViewModel.swift */; };
		4F4D663E27E33F93006A0F46 /* UIImage+Extention.swift in Sources */ = {isa = PBXBuildFile; fileRef = 4F4D663D27E33F93006A0F46 /* UIImage+Extention.swift */; };
		4F4D664327E4AB4E006A0F46 /* WorkSummaryCellViewModel.swift in Sources */ = {isa = PBXBuildFile; fileRef = 4F4D664227E4AB4E006A0F46 /* WorkSummaryCellViewModel.swift */; };
		4F4D664827E4AB85006A0F46 /* ExperienceCellViewModel.swift in Sources */ = {isa = PBXBuildFile; fileRef = 4F4D664727E4AB85006A0F46 /* ExperienceCellViewModel.swift */; };
		4F4D664D27E50F77006A0F46 /* EductionView.xib in Resources */ = {isa = PBXBuildFile; fileRef = 4F4D664C27E50F77006A0F46 /* EductionView.xib */; };
		4F4D665227E50F89006A0F46 /* EductionView.swift in Sources */ = {isa = PBXBuildFile; fileRef = 4F4D665127E50F89006A0F46 /* EductionView.swift */; };
		4F4D665727E51682006A0F46 /* WorkSummaryView.xib in Resources */ = {isa = PBXBuildFile; fileRef = 4F4D665627E51682006A0F46 /* WorkSummaryView.xib */; };
		4F4D665C27E5168D006A0F46 /* WorkSummaryView.swift in Sources */ = {isa = PBXBuildFile; fileRef = 4F4D665B27E5168D006A0F46 /* WorkSummaryView.swift */; };
		4F4D666127E51835006A0F46 /* ProjectView.xib in Resources */ = {isa = PBXBuildFile; fileRef = 4F4D666027E51835006A0F46 /* ProjectView.xib */; };
		4F4D666627E5183F006A0F46 /* ProjectView.swift in Sources */ = {isa = PBXBuildFile; fileRef = 4F4D666527E5183F006A0F46 /* ProjectView.swift */; };
		4F4D666B27E74775006A0F46 /* String+Extention.swift in Sources */ = {isa = PBXBuildFile; fileRef = 4F4D666A27E74775006A0F46 /* String+Extention.swift */; };
		4F4D667127E747FC006A0F46 /* UITableViewCell + Extention.swift in Sources */ = {isa = PBXBuildFile; fileRef = 4F4D667027E747FC006A0F46 /* UITableViewCell + Extention.swift */; };
		4F4D667F27E74822006A0F46 /* UIViewController+Extention.swift in Sources */ = {isa = PBXBuildFile; fileRef = 4F4D667E27E74822006A0F46 /* UIViewController+Extention.swift */; };
		4F4D668527E74A7C006A0F46 /* LocalDataService.swift in Sources */ = {isa = PBXBuildFile; fileRef = 4F4D668427E74A7C006A0F46 /* LocalDataService.swift */; };
		4F4D668D27E74AA1006A0F46 /* ResumeRepository.swift in Sources */ = {isa = PBXBuildFile; fileRef = 4F4D668C27E74AA1006A0F46 /* ResumeRepository.swift */; };
		4F4D66A727E84730006A0F46 /* ResumeRepositoryTests.swift in Sources */ = {isa = PBXBuildFile; fileRef = 4F4D66A627E84730006A0F46 /* ResumeRepositoryTests.swift */; };
		4FE7BC0C27D71D1E0021C8CE /* AppDelegate.swift in Sources */ = {isa = PBXBuildFile; fileRef = 4FE7BC0B27D71D1E0021C8CE /* AppDelegate.swift */; };
		4FE7BC1027D71D1E0021C8CE /* MainViewController.swift in Sources */ = {isa = PBXBuildFile; fileRef = 4FE7BC0F27D71D1E0021C8CE /* MainViewController.swift */; };
		4FE7BC1327D71D1E0021C8CE /* Main.storyboard in Resources */ = {isa = PBXBuildFile; fileRef = 4FE7BC1127D71D1E0021C8CE /* Main.storyboard */; };
		4FE7BC1627D71D1E0021C8CE /* ResumeBuilderApp.xcdatamodeld in Sources */ = {isa = PBXBuildFile; fileRef = 4FE7BC1427D71D1E0021C8CE /* ResumeBuilderApp.xcdatamodeld */; };
		4FE7BC1827D71D260021C8CE /* Assets.xcassets in Resources */ = {isa = PBXBuildFile; fileRef = 4FE7BC1727D71D260021C8CE /* Assets.xcassets */; };
		4FE7BC1B27D71D260021C8CE /* LaunchScreen.storyboard in Resources */ = {isa = PBXBuildFile; fileRef = 4FE7BC1927D71D260021C8CE /* LaunchScreen.storyboard */; };
		4FE7BC3127D71D260021C8CE /* ResumeBuilderAppUITests.swift in Sources */ = {isa = PBXBuildFile; fileRef = 4FE7BC3027D71D260021C8CE /* ResumeBuilderAppUITests.swift */; };
		4FE7BC5527D7B6810021C8CE /* LabelTextFieldView.xib in Resources */ = {isa = PBXBuildFile; fileRef = 4FE7BC5427D7B6810021C8CE /* LabelTextFieldView.xib */; };
		4FE7BC5A27D7B6930021C8CE /* LabelTextFieldView.swift in Sources */ = {isa = PBXBuildFile; fileRef = 4FE7BC5927D7B6930021C8CE /* LabelTextFieldView.swift */; };
		4FE7BC5F27D7C6780021C8CE /* LabelWithTextView.swift in Sources */ = {isa = PBXBuildFile; fileRef = 4FE7BC5E27D7C6780021C8CE /* LabelWithTextView.swift */; };
		4FE7BC6F27D87BCF0021C8CE /* ProfileViewController.swift in Sources */ = {isa = PBXBuildFile; fileRef = 4FE7BC6E27D87BCF0021C8CE /* ProfileViewController.swift */; };
		4FE7BC8627D87C440021C8CE /* PreviewViewController.swift in Sources */ = {isa = PBXBuildFile; fileRef = 4FE7BC8527D87C440021C8CE /* PreviewViewController.swift */; };
		4FE7BC9127D888C90021C8CE /* ProfileTableViewCell.swift in Sources */ = {isa = PBXBuildFile; fileRef = 4FE7BC9027D888C90021C8CE /* ProfileTableViewCell.swift */; };
		4FE7BCAC27D913040021C8CE /* SkillTableViewCell.swift in Sources */ = {isa = PBXBuildFile; fileRef = 4FE7BCAA27D913040021C8CE /* SkillTableViewCell.swift */; };
		4FE7BCAD27D913040021C8CE /* SkillTableViewCell.xib in Resources */ = {isa = PBXBuildFile; fileRef = 4FE7BCAB27D913040021C8CE /* SkillTableViewCell.xib */; };
		4FE7BCC627D9DA980021C8CE /* EducationTableViewCell.swift in Sources */ = {isa = PBXBuildFile; fileRef = 4FE7BCC427D9DA980021C8CE /* EducationTableViewCell.swift */; };
		4FE7BCC727D9DA980021C8CE /* EducationTableViewCell.xib in Resources */ = {isa = PBXBuildFile; fileRef = 4FE7BCC527D9DA980021C8CE /* EducationTableViewCell.xib */; };
		4FE7BCCD27D9DACF0021C8CE /* ProjectTableViewCell.swift in Sources */ = {isa = PBXBuildFile; fileRef = 4FE7BCCB27D9DACF0021C8CE /* ProjectTableViewCell.swift */; };
		4FE7BCCE27D9DACF0021C8CE /* ProjectTableViewCell.xib in Resources */ = {isa = PBXBuildFile; fileRef = 4FE7BCCC27D9DACF0021C8CE /* ProjectTableViewCell.xib */; };
		4FE7BCD427D9DAF40021C8CE /* ObjectiveTableViewCell.swift in Sources */ = {isa = PBXBuildFile; fileRef = 4FE7BCD227D9DAF40021C8CE /* ObjectiveTableViewCell.swift */; };
		4FE7BCD527D9DAF40021C8CE /* ObjectiveTableViewCell.xib in Resources */ = {isa = PBXBuildFile; fileRef = 4FE7BCD327D9DAF40021C8CE /* ObjectiveTableViewCell.xib */; };
		4FE7BCDA27D9DDB70021C8CE /* SectionHeaderView.swift in Sources */ = {isa = PBXBuildFile; fileRef = 4FE7BCD927D9DDB70021C8CE /* SectionHeaderView.swift */; };
		4FE7BCDF27D9DDC50021C8CE /* SectionHeaderView.xib in Resources */ = {isa = PBXBuildFile; fileRef = 4FE7BCDE27D9DDC50021C8CE /* SectionHeaderView.xib */; };
		4FE7BCE827D9F5A50021C8CE /* PersonalDetailsTableViewCell.swift in Sources */ = {isa = PBXBuildFile; fileRef = 4FE7BCE627D9F5A50021C8CE /* PersonalDetailsTableViewCell.swift */; };
		4FE7BCE927D9F5A50021C8CE /* PersonalDetailsTableViewCell.xib in Resources */ = {isa = PBXBuildFile; fileRef = 4FE7BCE727D9F5A50021C8CE /* PersonalDetailsTableViewCell.xib */; };
		4FE7BD0127DA30320021C8CE /* SkillsCellViewModel.swift in Sources */ = {isa = PBXBuildFile; fileRef = 4FE7BD0027DA30320021C8CE /* SkillsCellViewModel.swift */; };
		4FE7BD0627DA30480021C8CE /* ProjectsCellViewModel.swift in Sources */ = {isa = PBXBuildFile; fileRef = 4FE7BD0527DA30480021C8CE /* ProjectsCellViewModel.swift */; };
		4FE7BD0B27DA305E0021C8CE /* EducationCellViewModel.swift in Sources */ = {isa = PBXBuildFile; fileRef = 4FE7BD0A27DA305E0021C8CE /* EducationCellViewModel.swift */; };
		4FE7BD1027DA30740021C8CE /* ObjectiveCellViewModel.swift in Sources */ = {isa = PBXBuildFile; fileRef = 4FE7BD0F27DA30740021C8CE /* ObjectiveCellViewModel.swift */; };
		4FE7BD1527DA308F0021C8CE /* PersonalDetailsCellViewModel.swift in Sources */ = {isa = PBXBuildFile; fileRef = 4FE7BD1427DA308F0021C8CE /* PersonalDetailsCellViewModel.swift */; };
		4FE7BD1B27DA310C0021C8CE /* Resume.swift in Sources */ = {isa = PBXBuildFile; fileRef = 4FE7BD1A27DA310C0021C8CE /* Resume.swift */; };
		4FE7BD2127DB3F0C0021C8CE /* LocalDataManager.swift in Sources */ = {isa = PBXBuildFile; fileRef = 4FE7BD2027DB3F0C0021C8CE /* LocalDataManager.swift */; };
/* End PBXBuildFile section */

/* Begin PBXContainerItemProxy section */
		4FE7BC2227D71D260021C8CE /* PBXContainerItemProxy */ = {
			isa = PBXContainerItemProxy;
			containerPortal = 4FE7BC0027D71D1E0021C8CE /* Project object */;
			proxyType = 1;
			remoteGlobalIDString = 4FE7BC0727D71D1E0021C8CE;
			remoteInfo = ResumeBuilderApp;
		};
		4FE7BC2D27D71D260021C8CE /* PBXContainerItemProxy */ = {
			isa = PBXContainerItemProxy;
			containerPortal = 4FE7BC0027D71D1E0021C8CE /* Project object */;
			proxyType = 1;
			remoteGlobalIDString = 4FE7BC0727D71D1E0021C8CE;
			remoteInfo = ResumeBuilderApp;
		};
/* End PBXContainerItemProxy section */

/* Begin PBXFileReference section */
		4F4D65DA27DBC1C0006A0F46 /* Module.swift */ = {isa = PBXFileReference; lastKnownFileType = sourcecode.swift; path = Module.swift; sourceTree = "<group>"; };
		4F4D65DF27DBC1E7006A0F46 /* DIContainer.swift */ = {isa = PBXFileReference; lastKnownFileType = sourcecode.swift; path = DIContainer.swift; sourceTree = "<group>"; };
		4F4D65E427DBC210006A0F46 /* MainFlowCoordinator.swift */ = {isa = PBXFileReference; lastKnownFileType = sourcecode.swift; path = MainFlowCoordinator.swift; sourceTree = "<group>"; };
		4F4D65F627DC66D2006A0F46 /* WorkSummaryTableViewCell.swift */ = {isa = PBXFileReference; lastKnownFileType = sourcecode.swift; path = WorkSummaryTableViewCell.swift; sourceTree = "<group>"; };
		4F4D65F727DC66D2006A0F46 /* WorkSummaryTableViewCell.xib */ = {isa = PBXFileReference; lastKnownFileType = file.xib; path = WorkSummaryTableViewCell.xib; sourceTree = "<group>"; };
		4F4D660727DC69C3006A0F46 /* ExperienceTableViewCell.swift */ = {isa = PBXFileReference; lastKnownFileType = sourcecode.swift; path = ExperienceTableViewCell.swift; sourceTree = "<group>"; };
		4F4D660827DC69C3006A0F46 /* ExperienceTableViewCell.xib */ = {isa = PBXFileReference; lastKnownFileType = file.xib; path = ExperienceTableViewCell.xib; sourceTree = "<group>"; };
		4F4D662027E2288B006A0F46 /* PreviewTableViewCell.swift */ = {isa = PBXFileReference; lastKnownFileType = sourcecode.swift; path = PreviewTableViewCell.swift; sourceTree = "<group>"; };
		4F4D662527E246CB006A0F46 /* ProfileViewModel.swift */ = {isa = PBXFileReference; lastKnownFileType = sourcecode.swift; path = ProfileViewModel.swift; sourceTree = "<group>"; };
		4F4D662A27E246F5006A0F46 /* PreviewViewModel.swift */ = {isa = PBXFileReference; lastKnownFileType = sourcecode.swift; path = PreviewViewModel.swift; sourceTree = "<group>"; };
		4F4D662F27E2470B006A0F46 /* ChooseProfileViewModel.swift */ = {isa = PBXFileReference; lastKnownFileType = sourcecode.swift; path = ChooseProfileViewModel.swift; sourceTree = "<group>"; };
		4F4D663D27E33F93006A0F46 /* UIImage+Extention.swift */ = {isa = PBXFileReference; lastKnownFileType = sourcecode.swift; path = "UIImage+Extention.swift"; sourceTree = "<group>"; };
		4F4D664227E4AB4E006A0F46 /* WorkSummaryCellViewModel.swift */ = {isa = PBXFileReference; lastKnownFileType = sourcecode.swift; path = WorkSummaryCellViewModel.swift; sourceTree = "<group>"; };
		4F4D664727E4AB85006A0F46 /* ExperienceCellViewModel.swift */ = {isa = PBXFileReference; lastKnownFileType = sourcecode.swift; path = ExperienceCellViewModel.swift; sourceTree = "<group>"; };
		4F4D664C27E50F77006A0F46 /* EductionView.xib */ = {isa = PBXFileReference; lastKnownFileType = file.xib; path = EductionView.xib; sourceTree = "<group>"; };
		4F4D665127E50F89006A0F46 /* EductionView.swift */ = {isa = PBXFileReference; lastKnownFileType = sourcecode.swift; path = EductionView.swift; sourceTree = "<group>"; };
		4F4D665627E51682006A0F46 /* WorkSummaryView.xib */ = {isa = PBXFileReference; lastKnownFileType = file.xib; path = WorkSummaryView.xib; sourceTree = "<group>"; };
		4F4D665B27E5168D006A0F46 /* WorkSummaryView.swift */ = {isa = PBXFileReference; lastKnownFileType = sourcecode.swift; path = WorkSummaryView.swift; sourceTree = "<group>"; };
		4F4D666027E51835006A0F46 /* ProjectView.xib */ = {isa = PBXFileReference; lastKnownFileType = file.xib; path = ProjectView.xib; sourceTree = "<group>"; };
		4F4D666527E5183F006A0F46 /* ProjectView.swift */ = {isa = PBXFileReference; lastKnownFileType = sourcecode.swift; path = ProjectView.swift; sourceTree = "<group>"; };
		4F4D666A27E74775006A0F46 /* String+Extention.swift */ = {isa = PBXFileReference; lastKnownFileType = sourcecode.swift; path = "String+Extention.swift"; sourceTree = "<group>"; };
		4F4D667027E747FC006A0F46 /* UITableViewCell + Extention.swift */ = {isa = PBXFileReference; lastKnownFileType = sourcecode.swift; path = "UITableViewCell + Extention.swift"; sourceTree = "<group>"; };
		4F4D667E27E74822006A0F46 /* UIViewController+Extention.swift */ = {isa = PBXFileReference; lastKnownFileType = sourcecode.swift; path = "UIViewController+Extention.swift"; sourceTree = "<group>"; };
		4F4D668427E74A7C006A0F46 /* LocalDataService.swift */ = {isa = PBXFileReference; lastKnownFileType = sourcecode.swift; path = LocalDataService.swift; sourceTree = "<group>"; };
		4F4D668C27E74AA1006A0F46 /* ResumeRepository.swift */ = {isa = PBXFileReference; lastKnownFileType = sourcecode.swift; path = ResumeRepository.swift; sourceTree = "<group>"; };
		4F4D66A627E84730006A0F46 /* ResumeRepositoryTests.swift */ = {isa = PBXFileReference; lastKnownFileType = sourcecode.swift; path = ResumeRepositoryTests.swift; sourceTree = "<group>"; };
		4FE7BC0827D71D1E0021C8CE /* ResumeBuilderApp.app */ = {isa = PBXFileReference; explicitFileType = wrapper.application; includeInIndex = 0; path = ResumeBuilderApp.app; sourceTree = BUILT_PRODUCTS_DIR; };
		4FE7BC0B27D71D1E0021C8CE /* AppDelegate.swift */ = {isa = PBXFileReference; lastKnownFileType = sourcecode.swift; path = AppDelegate.swift; sourceTree = "<group>"; };
		4FE7BC0F27D71D1E0021C8CE /* MainViewController.swift */ = {isa = PBXFileReference; lastKnownFileType = sourcecode.swift; path = MainViewController.swift; sourceTree = "<group>"; };
		4FE7BC1227D71D1E0021C8CE /* Base */ = {isa = PBXFileReference; lastKnownFileType = file.storyboard; name = Base; path = Base.lproj/Main.storyboard; sourceTree = "<group>"; };
		4FE7BC1527D71D1E0021C8CE /* ResumeBuilderApp.xcdatamodel */ = {isa = PBXFileReference; lastKnownFileType = wrapper.xcdatamodel; path = ResumeBuilderApp.xcdatamodel; sourceTree = "<group>"; };
		4FE7BC1727D71D260021C8CE /* Assets.xcassets */ = {isa = PBXFileReference; lastKnownFileType = folder.assetcatalog; path = Assets.xcassets; sourceTree = "<group>"; };
		4FE7BC1A27D71D260021C8CE /* Base */ = {isa = PBXFileReference; lastKnownFileType = file.storyboard; name = Base; path = Base.lproj/LaunchScreen.storyboard; sourceTree = "<group>"; };
		4FE7BC1C27D71D260021C8CE /* Info.plist */ = {isa = PBXFileReference; lastKnownFileType = text.plist.xml; path = Info.plist; sourceTree = "<group>"; };
		4FE7BC2127D71D260021C8CE /* ResumeBuilderAppTests.xctest */ = {isa = PBXFileReference; explicitFileType = wrapper.cfbundle; includeInIndex = 0; path = ResumeBuilderAppTests.xctest; sourceTree = BUILT_PRODUCTS_DIR; };
		4FE7BC2727D71D260021C8CE /* Info.plist */ = {isa = PBXFileReference; lastKnownFileType = text.plist.xml; path = Info.plist; sourceTree = "<group>"; };
		4FE7BC2C27D71D260021C8CE /* ResumeBuilderAppUITests.xctest */ = {isa = PBXFileReference; explicitFileType = wrapper.cfbundle; includeInIndex = 0; path = ResumeBuilderAppUITests.xctest; sourceTree = BUILT_PRODUCTS_DIR; };
		4FE7BC3027D71D260021C8CE /* ResumeBuilderAppUITests.swift */ = {isa = PBXFileReference; lastKnownFileType = sourcecode.swift; path = ResumeBuilderAppUITests.swift; sourceTree = "<group>"; };
		4FE7BC3227D71D260021C8CE /* Info.plist */ = {isa = PBXFileReference; lastKnownFileType = text.plist.xml; path = Info.plist; sourceTree = "<group>"; };
		4FE7BC5427D7B6810021C8CE /* LabelTextFieldView.xib */ = {isa = PBXFileReference; lastKnownFileType = file.xib; path = LabelTextFieldView.xib; sourceTree = "<group>"; };
		4FE7BC5927D7B6930021C8CE /* LabelTextFieldView.swift */ = {isa = PBXFileReference; lastKnownFileType = sourcecode.swift; path = LabelTextFieldView.swift; sourceTree = "<group>"; };
		4FE7BC5E27D7C6780021C8CE /* LabelWithTextView.swift */ = {isa = PBXFileReference; lastKnownFileType = sourcecode.swift; path = LabelWithTextView.swift; sourceTree = "<group>"; };
		4FE7BC6E27D87BCF0021C8CE /* ProfileViewController.swift */ = {isa = PBXFileReference; lastKnownFileType = sourcecode.swift; path = ProfileViewController.swift; sourceTree = "<group>"; };
		4FE7BC8527D87C440021C8CE /* PreviewViewController.swift */ = {isa = PBXFileReference; lastKnownFileType = sourcecode.swift; path = PreviewViewController.swift; sourceTree = "<group>"; };
		4FE7BC9027D888C90021C8CE /* ProfileTableViewCell.swift */ = {isa = PBXFileReference; lastKnownFileType = sourcecode.swift; path = ProfileTableViewCell.swift; sourceTree = "<group>"; };
		4FE7BCAA27D913040021C8CE /* SkillTableViewCell.swift */ = {isa = PBXFileReference; lastKnownFileType = sourcecode.swift; path = SkillTableViewCell.swift; sourceTree = "<group>"; };
		4FE7BCAB27D913040021C8CE /* SkillTableViewCell.xib */ = {isa = PBXFileReference; lastKnownFileType = file.xib; path = SkillTableViewCell.xib; sourceTree = "<group>"; };
		4FE7BCC427D9DA980021C8CE /* EducationTableViewCell.swift */ = {isa = PBXFileReference; lastKnownFileType = sourcecode.swift; path = EducationTableViewCell.swift; sourceTree = "<group>"; };
		4FE7BCC527D9DA980021C8CE /* EducationTableViewCell.xib */ = {isa = PBXFileReference; lastKnownFileType = file.xib; path = EducationTableViewCell.xib; sourceTree = "<group>"; };
		4FE7BCCB27D9DACF0021C8CE /* ProjectTableViewCell.swift */ = {isa = PBXFileReference; lastKnownFileType = sourcecode.swift; path = ProjectTableViewCell.swift; sourceTree = "<group>"; };
		4FE7BCCC27D9DACF0021C8CE /* ProjectTableViewCell.xib */ = {isa = PBXFileReference; lastKnownFileType = file.xib; path = ProjectTableViewCell.xib; sourceTree = "<group>"; };
		4FE7BCD227D9DAF40021C8CE /* ObjectiveTableViewCell.swift */ = {isa = PBXFileReference; lastKnownFileType = sourcecode.swift; path = ObjectiveTableViewCell.swift; sourceTree = "<group>"; };
		4FE7BCD327D9DAF40021C8CE /* ObjectiveTableViewCell.xib */ = {isa = PBXFileReference; lastKnownFileType = file.xib; path = ObjectiveTableViewCell.xib; sourceTree = "<group>"; };
		4FE7BCD927D9DDB70021C8CE /* SectionHeaderView.swift */ = {isa = PBXFileReference; lastKnownFileType = sourcecode.swift; path = SectionHeaderView.swift; sourceTree = "<group>"; };
		4FE7BCDE27D9DDC50021C8CE /* SectionHeaderView.xib */ = {isa = PBXFileReference; lastKnownFileType = file.xib; path = SectionHeaderView.xib; sourceTree = "<group>"; };
		4FE7BCE627D9F5A50021C8CE /* PersonalDetailsTableViewCell.swift */ = {isa = PBXFileReference; lastKnownFileType = sourcecode.swift; path = PersonalDetailsTableViewCell.swift; sourceTree = "<group>"; };
		4FE7BCE727D9F5A50021C8CE /* PersonalDetailsTableViewCell.xib */ = {isa = PBXFileReference; lastKnownFileType = file.xib; path = PersonalDetailsTableViewCell.xib; sourceTree = "<group>"; };
		4FE7BD0027DA30320021C8CE /* SkillsCellViewModel.swift */ = {isa = PBXFileReference; lastKnownFileType = sourcecode.swift; path = SkillsCellViewModel.swift; sourceTree = "<group>"; };
		4FE7BD0527DA30480021C8CE /* ProjectsCellViewModel.swift */ = {isa = PBXFileReference; lastKnownFileType = sourcecode.swift; path = ProjectsCellViewModel.swift; sourceTree = "<group>"; };
		4FE7BD0A27DA305E0021C8CE /* EducationCellViewModel.swift */ = {isa = PBXFileReference; lastKnownFileType = sourcecode.swift; path = EducationCellViewModel.swift; sourceTree = "<group>"; };
		4FE7BD0F27DA30740021C8CE /* ObjectiveCellViewModel.swift */ = {isa = PBXFileReference; lastKnownFileType = sourcecode.swift; path = ObjectiveCellViewModel.swift; sourceTree = "<group>"; };
		4FE7BD1427DA308F0021C8CE /* PersonalDetailsCellViewModel.swift */ = {isa = PBXFileReference; lastKnownFileType = sourcecode.swift; path = PersonalDetailsCellViewModel.swift; sourceTree = "<group>"; };
		4FE7BD1A27DA310C0021C8CE /* Resume.swift */ = {isa = PBXFileReference; lastKnownFileType = sourcecode.swift; path = Resume.swift; sourceTree = "<group>"; };
		4FE7BD2027DB3F0C0021C8CE /* LocalDataManager.swift */ = {isa = PBXFileReference; lastKnownFileType = sourcecode.swift; path = LocalDataManager.swift; sourceTree = "<group>"; };
/* End PBXFileReference section */

/* Begin PBXFrameworksBuildPhase section */
		4FE7BC0527D71D1E0021C8CE /* Frameworks */ = {
			isa = PBXFrameworksBuildPhase;
			buildActionMask = 2147483647;
			files = (
			);
			runOnlyForDeploymentPostprocessing = 0;
		};
		4FE7BC1E27D71D260021C8CE /* Frameworks */ = {
			isa = PBXFrameworksBuildPhase;
			buildActionMask = 2147483647;
			files = (
			);
			runOnlyForDeploymentPostprocessing = 0;
		};
		4FE7BC2927D71D260021C8CE /* Frameworks */ = {
			isa = PBXFrameworksBuildPhase;
			buildActionMask = 2147483647;
			files = (
			);
			runOnlyForDeploymentPostprocessing = 0;
		};
/* End PBXFrameworksBuildPhase section */

/* Begin PBXGroup section */
		4F4D65D927DBC160006A0F46 /* Application */ = {
			isa = PBXGroup;
			children = (
				4FE7BC0B27D71D1E0021C8CE /* AppDelegate.swift */,
				4FE7BC1927D71D260021C8CE /* LaunchScreen.storyboard */,
				4F4D65DA27DBC1C0006A0F46 /* Module.swift */,
				4F4D65DF27DBC1E7006A0F46 /* DIContainer.swift */,
				4F4D65E427DBC210006A0F46 /* MainFlowCoordinator.swift */,
			);
			path = Application;
			sourceTree = "<group>";
		};
		4F4D65F527DC6697006A0F46 /* WorkSummary */ = {
			isa = PBXGroup;
			children = (
				4F4D65F627DC66D2006A0F46 /* WorkSummaryTableViewCell.swift */,
				4F4D65F727DC66D2006A0F46 /* WorkSummaryTableViewCell.xib */,
				4F4D664227E4AB4E006A0F46 /* WorkSummaryCellViewModel.swift */,
				4F4D665627E51682006A0F46 /* WorkSummaryView.xib */,
				4F4D665B27E5168D006A0F46 /* WorkSummaryView.swift */,
			);
			path = WorkSummary;
			sourceTree = "<group>";
		};
		4F4D660627DC699C006A0F46 /* Experience */ = {
			isa = PBXGroup;
			children = (
				4F4D660727DC69C3006A0F46 /* ExperienceTableViewCell.swift */,
				4F4D660827DC69C3006A0F46 /* ExperienceTableViewCell.xib */,
				4F4D664727E4AB85006A0F46 /* ExperienceCellViewModel.swift */,
			);
			path = Experience;
			sourceTree = "<group>";
		};
		4F4D663427E24727006A0F46 /* Profile */ = {
			isa = PBXGroup;
			children = (
				4FE7BC6E27D87BCF0021C8CE /* ProfileViewController.swift */,
				4F4D662527E246CB006A0F46 /* ProfileViewModel.swift */,
			);
			path = Profile;
			sourceTree = "<group>";
		};
		4F4D663527E24739006A0F46 /* Preview */ = {
			isa = PBXGroup;
			children = (
				4FE7BC8527D87C440021C8CE /* PreviewViewController.swift */,
				4F4D662027E2288B006A0F46 /* PreviewTableViewCell.swift */,
				4F4D662A27E246F5006A0F46 /* PreviewViewModel.swift */,
			);
			path = Preview;
			sourceTree = "<group>";
		};
		4F4D663627E24757006A0F46 /* Main */ = {
			isa = PBXGroup;
			children = (
				4FE7BC9027D888C90021C8CE /* ProfileTableViewCell.swift */,
				4FE7BC0F27D71D1E0021C8CE /* MainViewController.swift */,
				4F4D662F27E2470B006A0F46 /* ChooseProfileViewModel.swift */,
				4FE7BC1127D71D1E0021C8CE /* Main.storyboard */,
			);
			path = Main;
			sourceTree = "<group>";
		};
		4F4D666F27E747AA006A0F46 /* common */ = {
			isa = PBXGroup;
			children = (
				4F4D666A27E74775006A0F46 /* String+Extention.swift */,
				4F4D663D27E33F93006A0F46 /* UIImage+Extention.swift */,
				4F4D667027E747FC006A0F46 /* UITableViewCell + Extention.swift */,
				4F4D667E27E74822006A0F46 /* UIViewController+Extention.swift */,
			);
			path = common;
			sourceTree = "<group>";
		};
		4F4D668327E749AA006A0F46 /* Repository */ = {
			isa = PBXGroup;
			children = (
				4F4D668C27E74AA1006A0F46 /* ResumeRepository.swift */,
			);
			path = Repository;
			sourceTree = "<group>";
		};
		4FE7BBFF27D71D1E0021C8CE = {
			isa = PBXGroup;
			children = (
				4FE7BC0A27D71D1E0021C8CE /* ResumeBuilderApp */,
				4FE7BC2427D71D260021C8CE /* ResumeBuilderAppTests */,
				4FE7BC2F27D71D260021C8CE /* ResumeBuilderAppUITests */,
				4FE7BC0927D71D1E0021C8CE /* Products */,
			);
			sourceTree = "<group>";
		};
		4FE7BC0927D71D1E0021C8CE /* Products */ = {
			isa = PBXGroup;
			children = (
				4FE7BC0827D71D1E0021C8CE /* ResumeBuilderApp.app */,
				4FE7BC2127D71D260021C8CE /* ResumeBuilderAppTests.xctest */,
				4FE7BC2C27D71D260021C8CE /* ResumeBuilderAppUITests.xctest */,
			);
			name = Products;
			sourceTree = "<group>";
		};
		4FE7BC0A27D71D1E0021C8CE /* ResumeBuilderApp */ = {
			isa = PBXGroup;
			children = (
				4F4D668327E749AA006A0F46 /* Repository */,
				4F4D666F27E747AA006A0F46 /* common */,
				4F4D65D927DBC160006A0F46 /* Application */,
				4FE7BD1F27DB3EE20021C8CE /* CoreData */,
				4FE7BD1927DA30FC0021C8CE /* Model */,
				4FE7BC6D27D87BAC0021C8CE /* Presentation */,
				4FE7BC1C27D71D260021C8CE /* Info.plist */,
				4FE7BC1427D71D1E0021C8CE /* ResumeBuilderApp.xcdatamodeld */,
				4FE7BC1727D71D260021C8CE /* Assets.xcassets */,
			);
			path = ResumeBuilderApp;
			sourceTree = "<group>";
		};
		4FE7BC2427D71D260021C8CE /* ResumeBuilderAppTests */ = {
			isa = PBXGroup;
			children = (
				4FE7BC2727D71D260021C8CE /* Info.plist */,
				4F4D66A627E84730006A0F46 /* ResumeRepositoryTests.swift */,
			);
			path = ResumeBuilderAppTests;
			sourceTree = "<group>";
		};
		4FE7BC2F27D71D260021C8CE /* ResumeBuilderAppUITests */ = {
			isa = PBXGroup;
			children = (
				4FE7BC3027D71D260021C8CE /* ResumeBuilderAppUITests.swift */,
				4FE7BC3227D71D260021C8CE /* Info.plist */,
			);
			path = ResumeBuilderAppUITests;
			sourceTree = "<group>";
		};
		4FE7BC4127D721810021C8CE /* Component */ = {
			isa = PBXGroup;
			children = (
				4F4D660627DC699C006A0F46 /* Experience */,
				4F4D65F527DC6697006A0F46 /* WorkSummary */,
				4FE7BCFF27DA2F6F0021C8CE /* Skills */,
				4FE7BCFE27DA2F320021C8CE /* Projects */,
				4FE7BCFD27DA2F1E0021C8CE /* Education */,
				4FE7BCFC27DA2F130021C8CE /* Objective */,
				4FE7BCFB27DA2EF50021C8CE /* SectionHeader */,
				4FE7BCF727DA2EC90021C8CE /* PersonalDetails */,
				4FE7BC5427D7B6810021C8CE /* LabelTextFieldView.xib */,
				4FE7BC5927D7B6930021C8CE /* LabelTextFieldView.swift */,
				4FE7BC5E27D7C6780021C8CE /* LabelWithTextView.swift */,
			);
			path = Component;
			sourceTree = "<group>";
		};
		4FE7BC6D27D87BAC0021C8CE /* Presentation */ = {
			isa = PBXGroup;
			children = (
				4FE7BC4127D721810021C8CE /* Component */,
				4F4D663627E24757006A0F46 /* Main */,
				4F4D663527E24739006A0F46 /* Preview */,
				4F4D663427E24727006A0F46 /* Profile */,
			);
			path = Presentation;
			sourceTree = "<group>";
		};
		4FE7BCF727DA2EC90021C8CE /* PersonalDetails */ = {
			isa = PBXGroup;
			children = (
				4FE7BCE627D9F5A50021C8CE /* PersonalDetailsTableViewCell.swift */,
				4FE7BCE727D9F5A50021C8CE /* PersonalDetailsTableViewCell.xib */,
				4FE7BD1427DA308F0021C8CE /* PersonalDetailsCellViewModel.swift */,
			);
			path = PersonalDetails;
			sourceTree = "<group>";
		};
		4FE7BCFB27DA2EF50021C8CE /* SectionHeader */ = {
			isa = PBXGroup;
			children = (
				4FE7BCDE27D9DDC50021C8CE /* SectionHeaderView.xib */,
				4FE7BCD927D9DDB70021C8CE /* SectionHeaderView.swift */,
			);
			path = SectionHeader;
			sourceTree = "<group>";
		};
		4FE7BCFC27DA2F130021C8CE /* Objective */ = {
			isa = PBXGroup;
			children = (
				4FE7BCD227D9DAF40021C8CE /* ObjectiveTableViewCell.swift */,
				4FE7BCD327D9DAF40021C8CE /* ObjectiveTableViewCell.xib */,
				4FE7BD0F27DA30740021C8CE /* ObjectiveCellViewModel.swift */,
			);
			path = Objective;
			sourceTree = "<group>";
		};
		4FE7BCFD27DA2F1E0021C8CE /* Education */ = {
			isa = PBXGroup;
			children = (
				4FE7BCC427D9DA980021C8CE /* EducationTableViewCell.swift */,
				4FE7BCC527D9DA980021C8CE /* EducationTableViewCell.xib */,
				4FE7BD0A27DA305E0021C8CE /* EducationCellViewModel.swift */,
				4F4D664C27E50F77006A0F46 /* EductionView.xib */,
				4F4D665127E50F89006A0F46 /* EductionView.swift */,
			);
			path = Education;
			sourceTree = "<group>";
		};
		4FE7BCFE27DA2F320021C8CE /* Projects */ = {
			isa = PBXGroup;
			children = (
				4FE7BCCB27D9DACF0021C8CE /* ProjectTableViewCell.swift */,
				4FE7BCCC27D9DACF0021C8CE /* ProjectTableViewCell.xib */,
				4FE7BD0527DA30480021C8CE /* ProjectsCellViewModel.swift */,
				4F4D666027E51835006A0F46 /* ProjectView.xib */,
				4F4D666527E5183F006A0F46 /* ProjectView.swift */,
			);
			path = Projects;
			sourceTree = "<group>";
		};
		4FE7BCFF27DA2F6F0021C8CE /* Skills */ = {
			isa = PBXGroup;
			children = (
				4FE7BCAA27D913040021C8CE /* SkillTableViewCell.swift */,
				4FE7BCAB27D913040021C8CE /* SkillTableViewCell.xib */,
				4FE7BD0027DA30320021C8CE /* SkillsCellViewModel.swift */,
			);
			path = Skills;
			sourceTree = "<group>";
		};
		4FE7BD1927DA30FC0021C8CE /* Model */ = {
			isa = PBXGroup;
			children = (
				4FE7BD1A27DA310C0021C8CE /* Resume.swift */,
			);
			path = Model;
			sourceTree = "<group>";
		};
		4FE7BD1F27DB3EE20021C8CE /* CoreData */ = {
			isa = PBXGroup;
			children = (
				4F4D668427E74A7C006A0F46 /* LocalDataService.swift */,
				4FE7BD2027DB3F0C0021C8CE /* LocalDataManager.swift */,
			);
			path = CoreData;
			sourceTree = "<group>";
		};
/* End PBXGroup section */

/* Begin PBXNativeTarget section */
		4FE7BC0727D71D1E0021C8CE /* ResumeBuilderApp */ = {
			isa = PBXNativeTarget;
			buildConfigurationList = 4FE7BC3527D71D260021C8CE /* Build configuration list for PBXNativeTarget "ResumeBuilderApp" */;
			buildPhases = (
				4FE7BC0427D71D1E0021C8CE /* Sources */,
				4FE7BC0527D71D1E0021C8CE /* Frameworks */,
				4FE7BC0627D71D1E0021C8CE /* Resources */,
			);
			buildRules = (
			);
			dependencies = (
			);
			name = ResumeBuilderApp;
			productName = ResumeBuilderApp;
			productReference = 4FE7BC0827D71D1E0021C8CE /* ResumeBuilderApp.app */;
			productType = "com.apple.product-type.application";
		};
		4FE7BC2027D71D260021C8CE /* ResumeBuilderAppTests */ = {
			isa = PBXNativeTarget;
			buildConfigurationList = 4FE7BC3827D71D260021C8CE /* Build configuration list for PBXNativeTarget "ResumeBuilderAppTests" */;
			buildPhases = (
				4FE7BC1D27D71D260021C8CE /* Sources */,
				4FE7BC1E27D71D260021C8CE /* Frameworks */,
				4FE7BC1F27D71D260021C8CE /* Resources */,
			);
			buildRules = (
			);
			dependencies = (
				4FE7BC2327D71D260021C8CE /* PBXTargetDependency */,
			);
			name = ResumeBuilderAppTests;
			productName = ResumeBuilderAppTests;
			productReference = 4FE7BC2127D71D260021C8CE /* ResumeBuilderAppTests.xctest */;
			productType = "com.apple.product-type.bundle.unit-test";
		};
		4FE7BC2B27D71D260021C8CE /* ResumeBuilderAppUITests */ = {
			isa = PBXNativeTarget;
			buildConfigurationList = 4FE7BC3B27D71D260021C8CE /* Build configuration list for PBXNativeTarget "ResumeBuilderAppUITests" */;
			buildPhases = (
				4FE7BC2827D71D260021C8CE /* Sources */,
				4FE7BC2927D71D260021C8CE /* Frameworks */,
				4FE7BC2A27D71D260021C8CE /* Resources */,
			);
			buildRules = (
			);
			dependencies = (
				4FE7BC2E27D71D260021C8CE /* PBXTargetDependency */,
			);
			name = ResumeBuilderAppUITests;
			productName = ResumeBuilderAppUITests;
			productReference = 4FE7BC2C27D71D260021C8CE /* ResumeBuilderAppUITests.xctest */;
			productType = "com.apple.product-type.bundle.ui-testing";
		};
/* End PBXNativeTarget section */

/* Begin PBXProject section */
		4FE7BC0027D71D1E0021C8CE /* Project object */ = {
			isa = PBXProject;
			attributes = {
				LastSwiftUpdateCheck = 1210;
				LastUpgradeCheck = 1210;
				TargetAttributes = {
					4FE7BC0727D71D1E0021C8CE = {
						CreatedOnToolsVersion = 12.1;
					};
					4FE7BC2027D71D260021C8CE = {
						CreatedOnToolsVersion = 12.1;
						TestTargetID = 4FE7BC0727D71D1E0021C8CE;
					};
					4FE7BC2B27D71D260021C8CE = {
						CreatedOnToolsVersion = 12.1;
						TestTargetID = 4FE7BC0727D71D1E0021C8CE;
					};
				};
			};
			buildConfigurationList = 4FE7BC0327D71D1E0021C8CE /* Build configuration list for PBXProject "ResumeBuilderApp" */;
			compatibilityVersion = "Xcode 9.3";
			developmentRegion = en;
			hasScannedForEncodings = 0;
			knownRegions = (
				en,
				Base,
			);
			mainGroup = 4FE7BBFF27D71D1E0021C8CE;
			productRefGroup = 4FE7BC0927D71D1E0021C8CE /* Products */;
			projectDirPath = "";
			projectRoot = "";
			targets = (
				4FE7BC0727D71D1E0021C8CE /* ResumeBuilderApp */,
				4FE7BC2027D71D260021C8CE /* ResumeBuilderAppTests */,
				4FE7BC2B27D71D260021C8CE /* ResumeBuilderAppUITests */,
			);
		};
/* End PBXProject section */

/* Begin PBXResourcesBuildPhase section */
		4FE7BC0627D71D1E0021C8CE /* Resources */ = {
			isa = PBXResourcesBuildPhase;
			buildActionMask = 2147483647;
			files = (
				4FE7BC5527D7B6810021C8CE /* LabelTextFieldView.xib in Resources */,
				4F4D660A27DC69C3006A0F46 /* ExperienceTableViewCell.xib in Resources */,
				4F4D666127E51835006A0F46 /* ProjectView.xib in Resources */,
				4F4D664D27E50F77006A0F46 /* EductionView.xib in Resources */,
				4FE7BCCE27D9DACF0021C8CE /* ProjectTableViewCell.xib in Resources */,
				4F4D65F927DC66D2006A0F46 /* WorkSummaryTableViewCell.xib in Resources */,
				4FE7BC1B27D71D260021C8CE /* LaunchScreen.storyboard in Resources */,
				4FE7BCC727D9DA980021C8CE /* EducationTableViewCell.xib in Resources */,
				4F4D665727E51682006A0F46 /* WorkSummaryView.xib in Resources */,
				4FE7BCD527D9DAF40021C8CE /* ObjectiveTableViewCell.xib in Resources */,
				4FE7BCE927D9F5A50021C8CE /* PersonalDetailsTableViewCell.xib in Resources */,
				4FE7BC1827D71D260021C8CE /* Assets.xcassets in Resources */,
				4FE7BCAD27D913040021C8CE /* SkillTableViewCell.xib in Resources */,
				4FE7BCDF27D9DDC50021C8CE /* SectionHeaderView.xib in Resources */,
				4FE7BC1327D71D1E0021C8CE /* Main.storyboard in Resources */,
			);
			runOnlyForDeploymentPostprocessing = 0;
		};
		4FE7BC1F27D71D260021C8CE /* Resources */ = {
			isa = PBXResourcesBuildPhase;
			buildActionMask = 2147483647;
			files = (
			);
			runOnlyForDeploymentPostprocessing = 0;
		};
		4FE7BC2A27D71D260021C8CE /* Resources */ = {
			isa = PBXResourcesBuildPhase;
			buildActionMask = 2147483647;
			files = (
			);
			runOnlyForDeploymentPostprocessing = 0;
		};
/* End PBXResourcesBuildPhase section */

/* Begin PBXSourcesBuildPhase section */
		4FE7BC0427D71D1E0021C8CE /* Sources */ = {
			isa = PBXSourcesBuildPhase;
			buildActionMask = 2147483647;
			files = (
				4F4D664827E4AB85006A0F46 /* ExperienceCellViewModel.swift in Sources */,
				4FE7BCC627D9DA980021C8CE /* EducationTableViewCell.swift in Sources */,
				4F4D65E027DBC1E7006A0F46 /* DIContainer.swift in Sources */,
				4FE7BD0B27DA305E0021C8CE /* EducationCellViewModel.swift in Sources */,
				4FE7BCCD27D9DACF0021C8CE /* ProjectTableViewCell.swift in Sources */,
				4F4D666B27E74775006A0F46 /* String+Extention.swift in Sources */,
				4FE7BC1027D71D1E0021C8CE /* MainViewController.swift in Sources */,
				4FE7BD0627DA30480021C8CE /* ProjectsCellViewModel.swift in Sources */,
				4FE7BCDA27D9DDB70021C8CE /* SectionHeaderView.swift in Sources */,
				4FE7BC5A27D7B6930021C8CE /* LabelTextFieldView.swift in Sources */,
				4FE7BC9127D888C90021C8CE /* ProfileTableViewCell.swift in Sources */,
				4FE7BC0C27D71D1E0021C8CE /* AppDelegate.swift in Sources */,
				4FE7BD0127DA30320021C8CE /* SkillsCellViewModel.swift in Sources */,
				4F4D666627E5183F006A0F46 /* ProjectView.swift in Sources */,
				4FE7BCE827D9F5A50021C8CE /* PersonalDetailsTableViewCell.swift in Sources */,
				4F4D662627E246CB006A0F46 /* ProfileViewModel.swift in Sources */,
				4F4D65F827DC66D2006A0F46 /* WorkSummaryTableViewCell.swift in Sources */,
				4FE7BC1627D71D1E0021C8CE /* ResumeBuilderApp.xcdatamodeld in Sources */,
				4F4D660927DC69C3006A0F46 /* ExperienceTableViewCell.swift in Sources */,
				4F4D663027E2470B006A0F46 /* ChooseProfileViewModel.swift in Sources */,
				4F4D668527E74A7C006A0F46 /* LocalDataService.swift in Sources */,
				4F4D665227E50F89006A0F46 /* EductionView.swift in Sources */,
				4FE7BC6F27D87BCF0021C8CE /* ProfileViewController.swift in Sources */,
				4FE7BC5F27D7C6780021C8CE /* LabelWithTextView.swift in Sources */,
				4F4D663E27E33F93006A0F46 /* UIImage+Extention.swift in Sources */,
				4F4D668D27E74AA1006A0F46 /* ResumeRepository.swift in Sources */,
				4F4D662127E2288B006A0F46 /* PreviewTableViewCell.swift in Sources */,
				4F4D65E527DBC210006A0F46 /* MainFlowCoordinator.swift in Sources */,
				4FE7BD1527DA308F0021C8CE /* PersonalDetailsCellViewModel.swift in Sources */,
				4F4D667127E747FC006A0F46 /* UITableViewCell + Extention.swift in Sources */,
				4F4D664327E4AB4E006A0F46 /* WorkSummaryCellViewModel.swift in Sources */,
				4F4D667F27E74822006A0F46 /* UIViewController+Extention.swift in Sources */,
				4FE7BCAC27D913040021C8CE /* SkillTableViewCell.swift in Sources */,
				4F4D65DB27DBC1C0006A0F46 /* Module.swift in Sources */,
				4FE7BCD427D9DAF40021C8CE /* ObjectiveTableViewCell.swift in Sources */,
				4FE7BD1B27DA310C0021C8CE /* Resume.swift in Sources */,
				4FE7BD2127DB3F0C0021C8CE /* LocalDataManager.swift in Sources */,
				4FE7BC8627D87C440021C8CE /* PreviewViewController.swift in Sources */,
				4FE7BD1027DA30740021C8CE /* ObjectiveCellViewModel.swift in Sources */,
				4F4D665C27E5168D006A0F46 /* WorkSummaryView.swift in Sources */,
				4F4D662B27E246F5006A0F46 /* PreviewViewModel.swift in Sources */,
			);
			runOnlyForDeploymentPostprocessing = 0;
		};
		4FE7BC1D27D71D260021C8CE /* Sources */ = {
			isa = PBXSourcesBuildPhase;
			buildActionMask = 2147483647;
			files = (
				4F4D66A727E84730006A0F46 /* ResumeRepositoryTests.swift in Sources */,
			);
			runOnlyForDeploymentPostprocessing = 0;
		};
		4FE7BC2827D71D260021C8CE /* Sources */ = {
			isa = PBXSourcesBuildPhase;
			buildActionMask = 2147483647;
			files = (
				4FE7BC3127D71D260021C8CE /* ResumeBuilderAppUITests.swift in Sources */,
			);
			runOnlyForDeploymentPostprocessing = 0;
		};
/* End PBXSourcesBuildPhase section */

/* Begin PBXTargetDependency section */
		4FE7BC2327D71D260021C8CE /* PBXTargetDependency */ = {
			isa = PBXTargetDependency;
			target = 4FE7BC0727D71D1E0021C8CE /* ResumeBuilderApp */;
			targetProxy = 4FE7BC2227D71D260021C8CE /* PBXContainerItemProxy */;
		};
		4FE7BC2E27D71D260021C8CE /* PBXTargetDependency */ = {
			isa = PBXTargetDependency;
			target = 4FE7BC0727D71D1E0021C8CE /* ResumeBuilderApp */;
			targetProxy = 4FE7BC2D27D71D260021C8CE /* PBXContainerItemProxy */;
		};
/* End PBXTargetDependency section */

/* Begin PBXVariantGroup section */
		4FE7BC1127D71D1E0021C8CE /* Main.storyboard */ = {
			isa = PBXVariantGroup;
			children = (
				4FE7BC1227D71D1E0021C8CE /* Base */,
			);
			name = Main.storyboard;
			sourceTree = "<group>";
		};
		4FE7BC1927D71D260021C8CE /* LaunchScreen.storyboard */ = {
			isa = PBXVariantGroup;
			children = (
				4FE7BC1A27D71D260021C8CE /* Base */,
			);
			name = LaunchScreen.storyboard;
			sourceTree = "<group>";
		};
/* End PBXVariantGroup section */

/* Begin XCBuildConfiguration section */
		4FE7BC3327D71D260021C8CE /* Debug */ = {
			isa = XCBuildConfiguration;
			buildSettings = {
				ALWAYS_SEARCH_USER_PATHS = NO;
				CLANG_ANALYZER_NONNULL = YES;
				CLANG_ANALYZER_NUMBER_OBJECT_CONVERSION = YES_AGGRESSIVE;
				CLANG_CXX_LANGUAGE_STANDARD = "gnu++14";
				CLANG_CXX_LIBRARY = "libc++";
				CLANG_ENABLE_MODULES = YES;
				CLANG_ENABLE_OBJC_ARC = YES;
				CLANG_ENABLE_OBJC_WEAK = YES;
				CLANG_WARN_BLOCK_CAPTURE_AUTORELEASING = YES;
				CLANG_WARN_BOOL_CONVERSION = YES;
				CLANG_WARN_COMMA = YES;
				CLANG_WARN_CONSTANT_CONVERSION = YES;
				CLANG_WARN_DEPRECATED_OBJC_IMPLEMENTATIONS = YES;
				CLANG_WARN_DIRECT_OBJC_ISA_USAGE = YES_ERROR;
				CLANG_WARN_DOCUMENTATION_COMMENTS = YES;
				CLANG_WARN_EMPTY_BODY = YES;
				CLANG_WARN_ENUM_CONVERSION = YES;
				CLANG_WARN_INFINITE_RECURSION = YES;
				CLANG_WARN_INT_CONVERSION = YES;
				CLANG_WARN_NON_LITERAL_NULL_CONVERSION = YES;
				CLANG_WARN_OBJC_IMPLICIT_RETAIN_SELF = YES;
				CLANG_WARN_OBJC_LITERAL_CONVERSION = YES;
				CLANG_WARN_OBJC_ROOT_CLASS = YES_ERROR;
				CLANG_WARN_QUOTED_INCLUDE_IN_FRAMEWORK_HEADER = YES;
				CLANG_WARN_RANGE_LOOP_ANALYSIS = YES;
				CLANG_WARN_STRICT_PROTOTYPES = YES;
				CLANG_WARN_SUSPICIOUS_MOVE = YES;
				CLANG_WARN_UNGUARDED_AVAILABILITY = YES_AGGRESSIVE;
				CLANG_WARN_UNREACHABLE_CODE = YES;
				CLANG_WARN__DUPLICATE_METHOD_MATCH = YES;
				COPY_PHASE_STRIP = NO;
				DEBUG_INFORMATION_FORMAT = dwarf;
				ENABLE_STRICT_OBJC_MSGSEND = YES;
				ENABLE_TESTABILITY = YES;
				GCC_C_LANGUAGE_STANDARD = gnu11;
				GCC_DYNAMIC_NO_PIC = NO;
				GCC_NO_COMMON_BLOCKS = YES;
				GCC_OPTIMIZATION_LEVEL = 0;
				GCC_PREPROCESSOR_DEFINITIONS = (
					"DEBUG=1",
					"$(inherited)",
				);
				GCC_WARN_64_TO_32_BIT_CONVERSION = YES;
				GCC_WARN_ABOUT_RETURN_TYPE = YES_ERROR;
				GCC_WARN_UNDECLARED_SELECTOR = YES;
				GCC_WARN_UNINITIALIZED_AUTOS = YES_AGGRESSIVE;
				GCC_WARN_UNUSED_FUNCTION = YES;
				GCC_WARN_UNUSED_VARIABLE = YES;
				IPHONEOS_DEPLOYMENT_TARGET = 14.1;
				MTL_ENABLE_DEBUG_INFO = INCLUDE_SOURCE;
				MTL_FAST_MATH = YES;
				ONLY_ACTIVE_ARCH = YES;
				SDKROOT = iphoneos;
				SWIFT_ACTIVE_COMPILATION_CONDITIONS = DEBUG;
				SWIFT_OPTIMIZATION_LEVEL = "-Onone";
			};
			name = Debug;
		};
		4FE7BC3427D71D260021C8CE /* Release */ = {
			isa = XCBuildConfiguration;
			buildSettings = {
				ALWAYS_SEARCH_USER_PATHS = NO;
				CLANG_ANALYZER_NONNULL = YES;
				CLANG_ANALYZER_NUMBER_OBJECT_CONVERSION = YES_AGGRESSIVE;
				CLANG_CXX_LANGUAGE_STANDARD = "gnu++14";
				CLANG_CXX_LIBRARY = "libc++";
				CLANG_ENABLE_MODULES = YES;
				CLANG_ENABLE_OBJC_ARC = YES;
				CLANG_ENABLE_OBJC_WEAK = YES;
				CLANG_WARN_BLOCK_CAPTURE_AUTORELEASING = YES;
				CLANG_WARN_BOOL_CONVERSION = YES;
				CLANG_WARN_COMMA = YES;
				CLANG_WARN_CONSTANT_CONVERSION = YES;
				CLANG_WARN_DEPRECATED_OBJC_IMPLEMENTATIONS = YES;
				CLANG_WARN_DIRECT_OBJC_ISA_USAGE = YES_ERROR;
				CLANG_WARN_DOCUMENTATION_COMMENTS = YES;
				CLANG_WARN_EMPTY_BODY = YES;
				CLANG_WARN_ENUM_CONVERSION = YES;
				CLANG_WARN_INFINITE_RECURSION = YES;
				CLANG_WARN_INT_CONVERSION = YES;
				CLANG_WARN_NON_LITERAL_NULL_CONVERSION = YES;
				CLANG_WARN_OBJC_IMPLICIT_RETAIN_SELF = YES;
				CLANG_WARN_OBJC_LITERAL_CONVERSION = YES;
				CLANG_WARN_OBJC_ROOT_CLASS = YES_ERROR;
				CLANG_WARN_QUOTED_INCLUDE_IN_FRAMEWORK_HEADER = YES;
				CLANG_WARN_RANGE_LOOP_ANALYSIS = YES;
				CLANG_WARN_STRICT_PROTOTYPES = YES;
				CLANG_WARN_SUSPICIOUS_MOVE = YES;
				CLANG_WARN_UNGUARDED_AVAILABILITY = YES_AGGRESSIVE;
				CLANG_WARN_UNREACHABLE_CODE = YES;
				CLANG_WARN__DUPLICATE_METHOD_MATCH = YES;
				COPY_PHASE_STRIP = NO;
				DEBUG_INFORMATION_FORMAT = "dwarf-with-dsym";
				ENABLE_NS_ASSERTIONS = NO;
				ENABLE_STRICT_OBJC_MSGSEND = YES;
				GCC_C_LANGUAGE_STANDARD = gnu11;
				GCC_NO_COMMON_BLOCKS = YES;
				GCC_WARN_64_TO_32_BIT_CONVERSION = YES;
				GCC_WARN_ABOUT_RETURN_TYPE = YES_ERROR;
				GCC_WARN_UNDECLARED_SELECTOR = YES;
				GCC_WARN_UNINITIALIZED_AUTOS = YES_AGGRESSIVE;
				GCC_WARN_UNUSED_FUNCTION = YES;
				GCC_WARN_UNUSED_VARIABLE = YES;
				IPHONEOS_DEPLOYMENT_TARGET = 14.1;
				MTL_ENABLE_DEBUG_INFO = NO;
				MTL_FAST_MATH = YES;
				SDKROOT = iphoneos;
				SWIFT_COMPILATION_MODE = wholemodule;
				SWIFT_OPTIMIZATION_LEVEL = "-O";
				VALIDATE_PRODUCT = YES;
			};
			name = Release;
		};
		4FE7BC3627D71D260021C8CE /* Debug */ = {
			isa = XCBuildConfiguration;
			buildSettings = {
				ASSETCATALOG_COMPILER_APPICON_NAME = AppIcon;
				ASSETCATALOG_COMPILER_GLOBAL_ACCENT_COLOR_NAME = AccentColor;
				CODE_SIGN_STYLE = Automatic;
				INFOPLIST_FILE = ResumeBuilderApp/Info.plist;
				LD_RUNPATH_SEARCH_PATHS = (
					"$(inherited)",
					"@executable_path/Frameworks",
				);
				PRODUCT_BUNDLE_IDENTIFIER = com.brajesh.kumar.ResumeBuilderApp;
				PRODUCT_NAME = "$(TARGET_NAME)";
				SWIFT_VERSION = 5.0;
				TARGETED_DEVICE_FAMILY = "1,2";
			};
			name = Debug;
		};
		4FE7BC3727D71D260021C8CE /* Release */ = {
			isa = XCBuildConfiguration;
			buildSettings = {
				ASSETCATALOG_COMPILER_APPICON_NAME = AppIcon;
				ASSETCATALOG_COMPILER_GLOBAL_ACCENT_COLOR_NAME = AccentColor;
				CODE_SIGN_STYLE = Automatic;
				INFOPLIST_FILE = ResumeBuilderApp/Info.plist;
				LD_RUNPATH_SEARCH_PATHS = (
					"$(inherited)",
					"@executable_path/Frameworks",
				);
				PRODUCT_BUNDLE_IDENTIFIER = com.brajesh.kumar.ResumeBuilderApp;
				PRODUCT_NAME = "$(TARGET_NAME)";
				SWIFT_VERSION = 5.0;
				TARGETED_DEVICE_FAMILY = "1,2";
			};
			name = Release;
		};
		4FE7BC3927D71D260021C8CE /* Debug */ = {
			isa = XCBuildConfiguration;
			buildSettings = {
				ALWAYS_EMBED_SWIFT_STANDARD_LIBRARIES = YES;
				BUNDLE_LOADER = "$(TEST_HOST)";
				CODE_SIGN_STYLE = Automatic;
				INFOPLIST_FILE = ResumeBuilderAppTests/Info.plist;
				IPHONEOS_DEPLOYMENT_TARGET = 14.1;
				LD_RUNPATH_SEARCH_PATHS = (
					"$(inherited)",
					"@executable_path/Frameworks",
					"@loader_path/Frameworks",
				);
				PRODUCT_BUNDLE_IDENTIFIER = com.brajesh.kumar.ResumeBuilderAppTests;
				PRODUCT_NAME = "$(TARGET_NAME)";
				SWIFT_VERSION = 5.0;
				TARGETED_DEVICE_FAMILY = "1,2";
				TEST_HOST = "$(BUILT_PRODUCTS_DIR)/ResumeBuilderApp.app/ResumeBuilderApp";
			};
			name = Debug;
		};
		4FE7BC3A27D71D260021C8CE /* Release */ = {
			isa = XCBuildConfiguration;
			buildSettings = {
				ALWAYS_EMBED_SWIFT_STANDARD_LIBRARIES = YES;
				BUNDLE_LOADER = "$(TEST_HOST)";
				CODE_SIGN_STYLE = Automatic;
				INFOPLIST_FILE = ResumeBuilderAppTests/Info.plist;
				IPHONEOS_DEPLOYMENT_TARGET = 14.1;
				LD_RUNPATH_SEARCH_PATHS = (
					"$(inherited)",
					"@executable_path/Frameworks",
					"@loader_path/Frameworks",
				);
				PRODUCT_BUNDLE_IDENTIFIER = com.brajesh.kumar.ResumeBuilderAppTests;
				PRODUCT_NAME = "$(TARGET_NAME)";
				SWIFT_VERSION = 5.0;
				TARGETED_DEVICE_FAMILY = "1,2";
				TEST_HOST = "$(BUILT_PRODUCTS_DIR)/ResumeBuilderApp.app/ResumeBuilderApp";
			};
			name = Release;
		};
		4FE7BC3C27D71D260021C8CE /* Debug */ = {
			isa = XCBuildConfiguration;
			buildSettings = {
				ALWAYS_EMBED_SWIFT_STANDARD_LIBRARIES = YES;
				CODE_SIGN_STYLE = Automatic;
				INFOPLIST_FILE = ResumeBuilderAppUITests/Info.plist;
				LD_RUNPATH_SEARCH_PATHS = (
					"$(inherited)",
					"@executable_path/Frameworks",
					"@loader_path/Frameworks",
				);
				PRODUCT_BUNDLE_IDENTIFIER = com.brajesh.kumar.ResumeBuilderAppUITests;
				PRODUCT_NAME = "$(TARGET_NAME)";
				SWIFT_VERSION = 5.0;
				TARGETED_DEVICE_FAMILY = "1,2";
				TEST_TARGET_NAME = ResumeBuilderApp;
			};
			name = Debug;
		};
		4FE7BC3D27D71D260021C8CE /* Release */ = {
			isa = XCBuildConfiguration;
			buildSettings = {
				ALWAYS_EMBED_SWIFT_STANDARD_LIBRARIES = YES;
				CODE_SIGN_STYLE = Automatic;
				INFOPLIST_FILE = ResumeBuilderAppUITests/Info.plist;
				LD_RUNPATH_SEARCH_PATHS = (
					"$(inherited)",
					"@executable_path/Frameworks",
					"@loader_path/Frameworks",
				);
				PRODUCT_BUNDLE_IDENTIFIER = com.brajesh.kumar.ResumeBuilderAppUITests;
				PRODUCT_NAME = "$(TARGET_NAME)";
				SWIFT_VERSION = 5.0;
				TARGETED_DEVICE_FAMILY = "1,2";
				TEST_TARGET_NAME = ResumeBuilderApp;
			};
			name = Release;
		};
/* End XCBuildConfiguration section */

/* Begin XCConfigurationList section */
		4FE7BC0327D71D1E0021C8CE /* Build configuration list for PBXProject "ResumeBuilderApp" */ = {
			isa = XCConfigurationList;
			buildConfigurations = (
				4FE7BC3327D71D260021C8CE /* Debug */,
				4FE7BC3427D71D260021C8CE /* Release */,
			);
			defaultConfigurationIsVisible = 0;
			defaultConfigurationName = Release;
		};
		4FE7BC3527D71D260021C8CE /* Build configuration list for PBXNativeTarget "ResumeBuilderApp" */ = {
			isa = XCConfigurationList;
			buildConfigurations = (
				4FE7BC3627D71D260021C8CE /* Debug */,
				4FE7BC3727D71D260021C8CE /* Release */,
			);
			defaultConfigurationIsVisible = 0;
			defaultConfigurationName = Release;
		};
		4FE7BC3827D71D260021C8CE /* Build configuration list for PBXNativeTarget "ResumeBuilderAppTests" */ = {
			isa = XCConfigurationList;
			buildConfigurations = (
				4FE7BC3927D71D260021C8CE /* Debug */,
				4FE7BC3A27D71D260021C8CE /* Release */,
			);
			defaultConfigurationIsVisible = 0;
			defaultConfigurationName = Release;
		};
		4FE7BC3B27D71D260021C8CE /* Build configuration list for PBXNativeTarget "ResumeBuilderAppUITests" */ = {
			isa = XCConfigurationList;
			buildConfigurations = (
				4FE7BC3C27D71D260021C8CE /* Debug */,
				4FE7BC3D27D71D260021C8CE /* Release */,
			);
			defaultConfigurationIsVisible = 0;
			defaultConfigurationName = Release;
		};
/* End XCConfigurationList section */

/* Begin XCVersionGroup section */
		4FE7BC1427D71D1E0021C8CE /* ResumeBuilderApp.xcdatamodeld */ = {
			isa = XCVersionGroup;
			children = (
				4FE7BC1527D71D1E0021C8CE /* ResumeBuilderApp.xcdatamodel */,
			);
			currentVersion = 4FE7BC1527D71D1E0021C8CE /* ResumeBuilderApp.xcdatamodel */;
			path = ResumeBuilderApp.xcdatamodeld;
			sourceTree = "<group>";
			versionGroupType = wrapper.xcdatamodel;
		};
/* End XCVersionGroup section */
	};
	rootObject = 4FE7BC0027D71D1E0021C8CE /* Project object */;
}
